// !$*UTF8*$!
{
	archiveVersion = 1;
	classes = {
	};
	objectVersion = 46;
	objects = {

/* Begin PBXBuildFile section */
		B52635851C75672C000BAD40 /* ACCommandObject.m in Sources */ = {isa = PBXBuildFile; fileRef = B52635781C75672C000BAD40 /* ACCommandObject.m */; };
		B52635861C75672C000BAD40 /* ACCommandService.m in Sources */ = {isa = PBXBuildFile; fileRef = B526357A1C75672C000BAD40 /* ACCommandService.m */; };
		B52635871C75672C000BAD40 /* ACSettingOptions.m in Sources */ = {isa = PBXBuildFile; fileRef = B526357D1C75672C000BAD40 /* ACSettingOptions.m */; };
		B52635881C75672C000BAD40 /* ACSettings.m in Sources */ = {isa = PBXBuildFile; fileRef = B526357F1C75672C000BAD40 /* ACSettings.m */; };
		B52635891C75672C000BAD40 /* ACSocketObject.m in Sources */ = {isa = PBXBuildFile; fileRef = B52635821C75672C000BAD40 /* ACSocketObject.m */; };
		B526358A1C75672C000BAD40 /* ACSocketService.m in Sources */ = {isa = PBXBuildFile; fileRef = B52635841C75672C000BAD40 /* ACSocketService.m */; };
		B526358D1C756AD2000BAD40 /* CameraHAM.m in Sources */ = {isa = PBXBuildFile; fileRef = B526358C1C756AD2000BAD40 /* CameraHAM.m */; };
		B54ECD871CE4E03800B758A2 /* libavcodec.a in Frameworks */ = {isa = PBXBuildFile; fileRef = B54ECD801CE4E03800B758A2 /* libavcodec.a */; };
		B54ECD881CE4E03800B758A2 /* libavdevice.a in Frameworks */ = {isa = PBXBuildFile; fileRef = B54ECD811CE4E03800B758A2 /* libavdevice.a */; };
		B54ECD891CE4E03800B758A2 /* libavfilter.a in Frameworks */ = {isa = PBXBuildFile; fileRef = B54ECD821CE4E03800B758A2 /* libavfilter.a */; };
		B54ECD8A1CE4E03800B758A2 /* libavformat.a in Frameworks */ = {isa = PBXBuildFile; fileRef = B54ECD831CE4E03800B758A2 /* libavformat.a */; };
		B54ECD8B1CE4E03800B758A2 /* libavutil.a in Frameworks */ = {isa = PBXBuildFile; fileRef = B54ECD841CE4E03800B758A2 /* libavutil.a */; };
		B54ECD8C1CE4E03800B758A2 /* libswresample.a in Frameworks */ = {isa = PBXBuildFile; fileRef = B54ECD851CE4E03800B758A2 /* libswresample.a */; };
		B54ECD8D1CE4E03800B758A2 /* libswscale.a in Frameworks */ = {isa = PBXBuildFile; fileRef = B54ECD861CE4E03800B758A2 /* libswscale.a */; };
		B54ECD951CE4E04300B758A2 /* AudioStreamer.m in Sources */ = {isa = PBXBuildFile; fileRef = B54ECD901CE4E04300B758A2 /* AudioStreamer.m */; settings = {COMPILER_FLAGS = "-fno-objc-arc"; }; };
		B54ECD961CE4E04300B758A2 /* RTSPPlayer.m in Sources */ = {isa = PBXBuildFile; fileRef = B54ECD921CE4E04300B758A2 /* RTSPPlayer.m */; settings = {COMPILER_FLAGS = "-fno-objc-arc"; }; };
		B54ECD971CE4E04300B758A2 /* Utilities.m in Sources */ = {isa = PBXBuildFile; fileRef = B54ECD941CE4E04300B758A2 /* Utilities.m */; };
		B59CF8D41C4D254000E09221 /* main.m in Sources */ = {isa = PBXBuildFile; fileRef = B59CF8D31C4D254000E09221 /* main.m */; };
		B59CF8D71C4D254000E09221 /* AppDelegate.m in Sources */ = {isa = PBXBuildFile; fileRef = B59CF8D61C4D254000E09221 /* AppDelegate.m */; };
		B59CF8DA1C4D254000E09221 /* ViewController.m in Sources */ = {isa = PBXBuildFile; fileRef = B59CF8D91C4D254000E09221 /* ViewController.m */; };
		B59CF8DD1C4D254000E09221 /* Main.storyboard in Resources */ = {isa = PBXBuildFile; fileRef = B59CF8DB1C4D254000E09221 /* Main.storyboard */; };
		B59CF8E21C4D254000E09221 /* Assets.xcassets in Resources */ = {isa = PBXBuildFile; fileRef = B59CF8E11C4D254000E09221 /* Assets.xcassets */; };
		B59CF8E51C4D254000E09221 /* LaunchScreen.storyboard in Resources */ = {isa = PBXBuildFile; fileRef = B59CF8E31C4D254000E09221 /* LaunchScreen.storyboard */; };
		B59CF8F01C4D254000E09221 /* ActionCameraTests.m in Sources */ = {isa = PBXBuildFile; fileRef = B59CF8EF1C4D254000E09221 /* ActionCameraTests.m */; };
		B59CF8FB1C4D254000E09221 /* ActionCameraUITests.m in Sources */ = {isa = PBXBuildFile; fileRef = B59CF8FA1C4D254000E09221 /* ActionCameraUITests.m */; };
		B59CF9591C53C5EF00E09221 /* MobileVLCKit.framework in Frameworks */ = {isa = PBXBuildFile; fileRef = B59CF9581C53C5EF00E09221 /* MobileVLCKit.framework */; };
		B59CF9611C53D17400E09221 /* libbz2.tbd in Frameworks */ = {isa = PBXBuildFile; fileRef = B59CF9601C53D17400E09221 /* libbz2.tbd */; };
		B59CF9631C53D18800E09221 /* libiconv.tbd in Frameworks */ = {isa = PBXBuildFile; fileRef = B59CF9621C53D18800E09221 /* libiconv.tbd */; };
		B59CF9711C53D44700E09221 /* AudioToolbox.framework in Frameworks */ = {isa = PBXBuildFile; fileRef = B59CF9701C53D44700E09221 /* AudioToolbox.framework */; };
		B59CF9721C53D49C00E09221 /* libstdc++.6.0.9.tbd in Frameworks */ = {isa = PBXBuildFile; fileRef = B59CF95E1C53D15000E09221 /* libstdc++.6.0.9.tbd */; };
		B59D5C4F1CDCDECA00B6661E /* ACModeObject.m in Sources */ = {isa = PBXBuildFile; fileRef = B59D5C4A1CDCDECA00B6661E /* ACModeObject.m */; };
		B59D5C501CDCDECA00B6661E /* BatteryObject.m in Sources */ = {isa = PBXBuildFile; fileRef = B59D5C4C1CDCDECA00B6661E /* BatteryObject.m */; };
		B59D5C511CDCDECA00B6661E /* SettingObject.m in Sources */ = {isa = PBXBuildFile; fileRef = B59D5C4E1CDCDECA00B6661E /* SettingObject.m */; };
		B59D5C5A1CDCDF2D00B6661E /* ColorHelper.m in Sources */ = {isa = PBXBuildFile; fileRef = B59D5C551CDCDF2D00B6661E /* ColorHelper.m */; };
		B59D5C5B1CDCDF2D00B6661E /* ImageHelper.m in Sources */ = {isa = PBXBuildFile; fileRef = B59D5C571CDCDF2D00B6661E /* ImageHelper.m */; };
		B59D5C5C1CDCDF2D00B6661E /* StringHelper.m in Sources */ = {isa = PBXBuildFile; fileRef = B59D5C591CDCDF2D00B6661E /* StringHelper.m */; };
		B59D5C5F1CDCDF6900B6661E /* NSString+Case.m in Sources */ = {isa = PBXBuildFile; fileRef = B59D5C5E1CDCDF6900B6661E /* NSString+Case.m */; };
		B59D5C631CDCE44A00B6661E /* JSONHelper.m in Sources */ = {isa = PBXBuildFile; fileRef = B59D5C621CDCE44A00B6661E /* JSONHelper.m */; };
		B59D5C661CDCE9C800B6661E /* SystemInfoHelper.m in Sources */ = {isa = PBXBuildFile; fileRef = B59D5C651CDCE9C800B6661E /* SystemInfoHelper.m */; };
		B5C8AABD1C5F215200E2DBA8 /* VideoToolbox.framework in Frameworks */ = {isa = PBXBuildFile; fileRef = B59CF96A1C53D21000E09221 /* VideoToolbox.framework */; };
		B5C8AABF1C5F216A00E2DBA8 /* CoreVideo.framework in Frameworks */ = {isa = PBXBuildFile; fileRef = B5C8AABE1C5F216A00E2DBA8 /* CoreVideo.framework */; };
		B5C8AAC11C5F219A00E2DBA8 /* ImageIO.framework in Frameworks */ = {isa = PBXBuildFile; fileRef = B5C8AAC01C5F219A00E2DBA8 /* ImageIO.framework */; };
		B5C8AAC31C5F221000E2DBA8 /* AVFoundation.framework in Frameworks */ = {isa = PBXBuildFile; fileRef = B5C8AAC21C5F221000E2DBA8 /* AVFoundation.framework */; };
		B5C8AACC1C5F243B00E2DBA8 /* CoreAudio.framework in Frameworks */ = {isa = PBXBuildFile; fileRef = B59CF9681C53D1F000E09221 /* CoreAudio.framework */; };
		B5C8AACE1C5F247700E2DBA8 /* CoreMedia.framework in Frameworks */ = {isa = PBXBuildFile; fileRef = B5C8AACD1C5F247700E2DBA8 /* CoreMedia.framework */; };
		DF1F41125F550CBF92664F03 /* libPods.a in Frameworks */ = {isa = PBXBuildFile; fileRef = 3656DFC9FEB6AE0D3ABE491C /* libPods.a */; };
/* End PBXBuildFile section */

/* Begin PBXContainerItemProxy section */
		B59CF8EC1C4D254000E09221 /* PBXContainerItemProxy */ = {
			isa = PBXContainerItemProxy;
			containerPortal = B59CF8C71C4D254000E09221 /* Project object */;
			proxyType = 1;
			remoteGlobalIDString = B59CF8CE1C4D254000E09221;
			remoteInfo = ActionCamera;
		};
		B59CF8F71C4D254000E09221 /* PBXContainerItemProxy */ = {
			isa = PBXContainerItemProxy;
			containerPortal = B59CF8C71C4D254000E09221 /* Project object */;
			proxyType = 1;
			remoteGlobalIDString = B59CF8CE1C4D254000E09221;
			remoteInfo = ActionCamera;
		};
/* End PBXContainerItemProxy section */

/* Begin PBXFileReference section */
		3656DFC9FEB6AE0D3ABE491C /* libPods.a */ = {isa = PBXFileReference; explicitFileType = archive.ar; includeInIndex = 0; path = libPods.a; sourceTree = BUILT_PRODUCTS_DIR; };
		74593FD30E19863BA4F22A0D /* Pods.debug.xcconfig */ = {isa = PBXFileReference; includeInIndex = 1; lastKnownFileType = text.xcconfig; name = Pods.debug.xcconfig; path = "Pods/Target Support Files/Pods/Pods.debug.xcconfig"; sourceTree = "<group>"; };
		8DAAB4F7934AD5CF2078A6DB /* Pods.release.xcconfig */ = {isa = PBXFileReference; includeInIndex = 1; lastKnownFileType = text.xcconfig; name = Pods.release.xcconfig; path = "Pods/Target Support Files/Pods/Pods.release.xcconfig"; sourceTree = "<group>"; };
		B52635771C75672C000BAD40 /* ACCommandObject.h */ = {isa = PBXFileReference; fileEncoding = 4; lastKnownFileType = sourcecode.c.h; path = ACCommandObject.h; sourceTree = "<group>"; };
		B52635781C75672C000BAD40 /* ACCommandObject.m */ = {isa = PBXFileReference; fileEncoding = 4; lastKnownFileType = sourcecode.c.objc; path = ACCommandObject.m; sourceTree = "<group>"; };
		B52635791C75672C000BAD40 /* ACCommandService.h */ = {isa = PBXFileReference; fileEncoding = 4; lastKnownFileType = sourcecode.c.h; path = ACCommandService.h; sourceTree = "<group>"; };
		B526357A1C75672C000BAD40 /* ACCommandService.m */ = {isa = PBXFileReference; fileEncoding = 4; lastKnownFileType = sourcecode.c.objc; path = ACCommandService.m; sourceTree = "<group>"; };
		B526357C1C75672C000BAD40 /* ACSettingOptions.h */ = {isa = PBXFileReference; fileEncoding = 4; lastKnownFileType = sourcecode.c.h; path = ACSettingOptions.h; sourceTree = "<group>"; };
		B526357D1C75672C000BAD40 /* ACSettingOptions.m */ = {isa = PBXFileReference; fileEncoding = 4; lastKnownFileType = sourcecode.c.objc; path = ACSettingOptions.m; sourceTree = "<group>"; };
		B526357E1C75672C000BAD40 /* ACSettings.h */ = {isa = PBXFileReference; fileEncoding = 4; lastKnownFileType = sourcecode.c.h; path = ACSettings.h; sourceTree = "<group>"; };
		B526357F1C75672C000BAD40 /* ACSettings.m */ = {isa = PBXFileReference; fileEncoding = 4; lastKnownFileType = sourcecode.c.objc; path = ACSettings.m; sourceTree = "<group>"; };
		B52635811C75672C000BAD40 /* ACSocketObject.h */ = {isa = PBXFileReference; fileEncoding = 4; lastKnownFileType = sourcecode.c.h; path = ACSocketObject.h; sourceTree = "<group>"; };
		B52635821C75672C000BAD40 /* ACSocketObject.m */ = {isa = PBXFileReference; fileEncoding = 4; lastKnownFileType = sourcecode.c.objc; path = ACSocketObject.m; sourceTree = "<group>"; };
		B52635831C75672C000BAD40 /* ACSocketService.h */ = {isa = PBXFileReference; fileEncoding = 4; lastKnownFileType = sourcecode.c.h; path = ACSocketService.h; sourceTree = "<group>"; };
		B52635841C75672C000BAD40 /* ACSocketService.m */ = {isa = PBXFileReference; fileEncoding = 4; lastKnownFileType = sourcecode.c.objc; path = ACSocketService.m; sourceTree = "<group>"; };
		B526358B1C756AD2000BAD40 /* CameraHAM.h */ = {isa = PBXFileReference; fileEncoding = 4; lastKnownFileType = sourcecode.c.h; path = CameraHAM.h; sourceTree = "<group>"; };
		B526358C1C756AD2000BAD40 /* CameraHAM.m */ = {isa = PBXFileReference; fileEncoding = 4; lastKnownFileType = sourcecode.c.objc; path = CameraHAM.m; sourceTree = "<group>"; };
		B54ECD1D1CE4E03800B758A2 /* avcodec.h */ = {isa = PBXFileReference; fileEncoding = 4; lastKnownFileType = sourcecode.c.h; path = avcodec.h; sourceTree = "<group>"; };
		B54ECD1E1CE4E03800B758A2 /* avfft.h */ = {isa = PBXFileReference; fileEncoding = 4; lastKnownFileType = sourcecode.c.h; path = avfft.h; sourceTree = "<group>"; };
		B54ECD1F1CE4E03800B758A2 /* dv_profile.h */ = {isa = PBXFileReference; fileEncoding = 4; lastKnownFileType = sourcecode.c.h; path = dv_profile.h; sourceTree = "<group>"; };
		B54ECD201CE4E03800B758A2 /* dxva2.h */ = {isa = PBXFileReference; fileEncoding = 4; lastKnownFileType = sourcecode.c.h; path = dxva2.h; sourceTree = "<group>"; };
		B54ECD211CE4E03800B758A2 /* old_codec_ids.h */ = {isa = PBXFileReference; fileEncoding = 4; lastKnownFileType = sourcecode.c.h; path = old_codec_ids.h; sourceTree = "<group>"; };
		B54ECD221CE4E03800B758A2 /* qsv.h */ = {isa = PBXFileReference; fileEncoding = 4; lastKnownFileType = sourcecode.c.h; path = qsv.h; sourceTree = "<group>"; };
		B54ECD231CE4E03800B758A2 /* vaapi.h */ = {isa = PBXFileReference; fileEncoding = 4; lastKnownFileType = sourcecode.c.h; path = vaapi.h; sourceTree = "<group>"; };
		B54ECD241CE4E03800B758A2 /* vda.h */ = {isa = PBXFileReference; fileEncoding = 4; lastKnownFileType = sourcecode.c.h; path = vda.h; sourceTree = "<group>"; };
		B54ECD251CE4E03800B758A2 /* vdpau.h */ = {isa = PBXFileReference; fileEncoding = 4; lastKnownFileType = sourcecode.c.h; path = vdpau.h; sourceTree = "<group>"; };
		B54ECD261CE4E03800B758A2 /* version.h */ = {isa = PBXFileReference; fileEncoding = 4; lastKnownFileType = sourcecode.c.h; path = version.h; sourceTree = "<group>"; };
		B54ECD271CE4E03800B758A2 /* vorbis_parser.h */ = {isa = PBXFileReference; fileEncoding = 4; lastKnownFileType = sourcecode.c.h; path = vorbis_parser.h; sourceTree = "<group>"; };
		B54ECD281CE4E03800B758A2 /* xvmc.h */ = {isa = PBXFileReference; fileEncoding = 4; lastKnownFileType = sourcecode.c.h; path = xvmc.h; sourceTree = "<group>"; };
		B54ECD2A1CE4E03800B758A2 /* avdevice.h */ = {isa = PBXFileReference; fileEncoding = 4; lastKnownFileType = sourcecode.c.h; path = avdevice.h; sourceTree = "<group>"; };
		B54ECD2B1CE4E03800B758A2 /* version.h */ = {isa = PBXFileReference; fileEncoding = 4; lastKnownFileType = sourcecode.c.h; path = version.h; sourceTree = "<group>"; };
		B54ECD2D1CE4E03800B758A2 /* asrc_abuffer.h */ = {isa = PBXFileReference; fileEncoding = 4; lastKnownFileType = sourcecode.c.h; path = asrc_abuffer.h; sourceTree = "<group>"; };
		B54ECD2E1CE4E03800B758A2 /* avcodec.h */ = {isa = PBXFileReference; fileEncoding = 4; lastKnownFileType = sourcecode.c.h; path = avcodec.h; sourceTree = "<group>"; };
		B54ECD2F1CE4E03800B758A2 /* avfilter.h */ = {isa = PBXFileReference; fileEncoding = 4; lastKnownFileType = sourcecode.c.h; path = avfilter.h; sourceTree = "<group>"; };
		B54ECD301CE4E03800B758A2 /* avfiltergraph.h */ = {isa = PBXFileReference; fileEncoding = 4; lastKnownFileType = sourcecode.c.h; path = avfiltergraph.h; sourceTree = "<group>"; };
		B54ECD311CE4E03800B758A2 /* buffersink.h */ = {isa = PBXFileReference; fileEncoding = 4; lastKnownFileType = sourcecode.c.h; path = buffersink.h; sourceTree = "<group>"; };
		B54ECD321CE4E03800B758A2 /* buffersrc.h */ = {isa = PBXFileReference; fileEncoding = 4; lastKnownFileType = sourcecode.c.h; path = buffersrc.h; sourceTree = "<group>"; };
		B54ECD331CE4E03800B758A2 /* version.h */ = {isa = PBXFileReference; fileEncoding = 4; lastKnownFileType = sourcecode.c.h; path = version.h; sourceTree = "<group>"; };
		B54ECD351CE4E03800B758A2 /* avformat.h */ = {isa = PBXFileReference; fileEncoding = 4; lastKnownFileType = sourcecode.c.h; path = avformat.h; sourceTree = "<group>"; };
		B54ECD361CE4E03800B758A2 /* avio.h */ = {isa = PBXFileReference; fileEncoding = 4; lastKnownFileType = sourcecode.c.h; path = avio.h; sourceTree = "<group>"; };
		B54ECD371CE4E03800B758A2 /* version.h */ = {isa = PBXFileReference; fileEncoding = 4; lastKnownFileType = sourcecode.c.h; path = version.h; sourceTree = "<group>"; };
		B54ECD391CE4E03800B758A2 /* adler32.h */ = {isa = PBXFileReference; fileEncoding = 4; lastKnownFileType = sourcecode.c.h; path = adler32.h; sourceTree = "<group>"; };
		B54ECD3A1CE4E03800B758A2 /* aes.h */ = {isa = PBXFileReference; fileEncoding = 4; lastKnownFileType = sourcecode.c.h; path = aes.h; sourceTree = "<group>"; };
		B54ECD3B1CE4E03800B758A2 /* attributes.h */ = {isa = PBXFileReference; fileEncoding = 4; lastKnownFileType = sourcecode.c.h; path = attributes.h; sourceTree = "<group>"; };
		B54ECD3C1CE4E03800B758A2 /* audio_fifo.h */ = {isa = PBXFileReference; fileEncoding = 4; lastKnownFileType = sourcecode.c.h; path = audio_fifo.h; sourceTree = "<group>"; };
		B54ECD3D1CE4E03800B758A2 /* audioconvert.h */ = {isa = PBXFileReference; fileEncoding = 4; lastKnownFileType = sourcecode.c.h; path = audioconvert.h; sourceTree = "<group>"; };
		B54ECD3E1CE4E03800B758A2 /* avassert.h */ = {isa = PBXFileReference; fileEncoding = 4; lastKnownFileType = sourcecode.c.h; path = avassert.h; sourceTree = "<group>"; };
		B54ECD3F1CE4E03800B758A2 /* avconfig.h */ = {isa = PBXFileReference; fileEncoding = 4; lastKnownFileType = sourcecode.c.h; path = avconfig.h; sourceTree = "<group>"; };
		B54ECD401CE4E03800B758A2 /* avstring.h */ = {isa = PBXFileReference; fileEncoding = 4; lastKnownFileType = sourcecode.c.h; path = avstring.h; sourceTree = "<group>"; };
		B54ECD411CE4E03800B758A2 /* avutil.h */ = {isa = PBXFileReference; fileEncoding = 4; lastKnownFileType = sourcecode.c.h; path = avutil.h; sourceTree = "<group>"; };
		B54ECD421CE4E03800B758A2 /* base64.h */ = {isa = PBXFileReference; fileEncoding = 4; lastKnownFileType = sourcecode.c.h; path = base64.h; sourceTree = "<group>"; };
		B54ECD431CE4E03800B758A2 /* blowfish.h */ = {isa = PBXFileReference; fileEncoding = 4; lastKnownFileType = sourcecode.c.h; path = blowfish.h; sourceTree = "<group>"; };
		B54ECD441CE4E03800B758A2 /* bprint.h */ = {isa = PBXFileReference; fileEncoding = 4; lastKnownFileType = sourcecode.c.h; path = bprint.h; sourceTree = "<group>"; };
		B54ECD451CE4E03800B758A2 /* bswap.h */ = {isa = PBXFileReference; fileEncoding = 4; lastKnownFileType = sourcecode.c.h; path = bswap.h; sourceTree = "<group>"; };
		B54ECD461CE4E03800B758A2 /* buffer.h */ = {isa = PBXFileReference; fileEncoding = 4; lastKnownFileType = sourcecode.c.h; path = buffer.h; sourceTree = "<group>"; };
		B54ECD471CE4E03800B758A2 /* camellia.h */ = {isa = PBXFileReference; fileEncoding = 4; lastKnownFileType = sourcecode.c.h; path = camellia.h; sourceTree = "<group>"; };
		B54ECD481CE4E03800B758A2 /* cast5.h */ = {isa = PBXFileReference; fileEncoding = 4; lastKnownFileType = sourcecode.c.h; path = cast5.h; sourceTree = "<group>"; };
		B54ECD491CE4E03800B758A2 /* channel_layout.h */ = {isa = PBXFileReference; fileEncoding = 4; lastKnownFileType = sourcecode.c.h; path = channel_layout.h; sourceTree = "<group>"; };
		B54ECD4A1CE4E03800B758A2 /* common.h */ = {isa = PBXFileReference; fileEncoding = 4; lastKnownFileType = sourcecode.c.h; path = common.h; sourceTree = "<group>"; };
		B54ECD4B1CE4E03800B758A2 /* cpu.h */ = {isa = PBXFileReference; fileEncoding = 4; lastKnownFileType = sourcecode.c.h; path = cpu.h; sourceTree = "<group>"; };
		B54ECD4C1CE4E03800B758A2 /* crc.h */ = {isa = PBXFileReference; fileEncoding = 4; lastKnownFileType = sourcecode.c.h; path = crc.h; sourceTree = "<group>"; };
		B54ECD4D1CE4E03800B758A2 /* dict.h */ = {isa = PBXFileReference; fileEncoding = 4; lastKnownFileType = sourcecode.c.h; path = dict.h; sourceTree = "<group>"; };
		B54ECD4E1CE4E03800B758A2 /* display.h */ = {isa = PBXFileReference; fileEncoding = 4; lastKnownFileType = sourcecode.c.h; path = display.h; sourceTree = "<group>"; };
		B54ECD4F1CE4E03800B758A2 /* downmix_info.h */ = {isa = PBXFileReference; fileEncoding = 4; lastKnownFileType = sourcecode.c.h; path = downmix_info.h; sourceTree = "<group>"; };
		B54ECD501CE4E03800B758A2 /* error.h */ = {isa = PBXFileReference; fileEncoding = 4; lastKnownFileType = sourcecode.c.h; path = error.h; sourceTree = "<group>"; };
		B54ECD511CE4E03800B758A2 /* eval.h */ = {isa = PBXFileReference; fileEncoding = 4; lastKnownFileType = sourcecode.c.h; path = eval.h; sourceTree = "<group>"; };
		B54ECD521CE4E03800B758A2 /* ffversion.h */ = {isa = PBXFileReference; fileEncoding = 4; lastKnownFileType = sourcecode.c.h; path = ffversion.h; sourceTree = "<group>"; };
		B54ECD531CE4E03800B758A2 /* fifo.h */ = {isa = PBXFileReference; fileEncoding = 4; lastKnownFileType = sourcecode.c.h; path = fifo.h; sourceTree = "<group>"; };
		B54ECD541CE4E03800B758A2 /* file.h */ = {isa = PBXFileReference; fileEncoding = 4; lastKnownFileType = sourcecode.c.h; path = file.h; sourceTree = "<group>"; };
		B54ECD551CE4E03800B758A2 /* frame.h */ = {isa = PBXFileReference; fileEncoding = 4; lastKnownFileType = sourcecode.c.h; path = frame.h; sourceTree = "<group>"; };
		B54ECD561CE4E03800B758A2 /* hash.h */ = {isa = PBXFileReference; fileEncoding = 4; lastKnownFileType = sourcecode.c.h; path = hash.h; sourceTree = "<group>"; };
		B54ECD571CE4E03800B758A2 /* hmac.h */ = {isa = PBXFileReference; fileEncoding = 4; lastKnownFileType = sourcecode.c.h; path = hmac.h; sourceTree = "<group>"; };
		B54ECD581CE4E03800B758A2 /* imgutils.h */ = {isa = PBXFileReference; fileEncoding = 4; lastKnownFileType = sourcecode.c.h; path = imgutils.h; sourceTree = "<group>"; };
		B54ECD591CE4E03800B758A2 /* intfloat.h */ = {isa = PBXFileReference; fileEncoding = 4; lastKnownFileType = sourcecode.c.h; path = intfloat.h; sourceTree = "<group>"; };
		B54ECD5A1CE4E03800B758A2 /* intreadwrite.h */ = {isa = PBXFileReference; fileEncoding = 4; lastKnownFileType = sourcecode.c.h; path = intreadwrite.h; sourceTree = "<group>"; };
		B54ECD5B1CE4E03800B758A2 /* lfg.h */ = {isa = PBXFileReference; fileEncoding = 4; lastKnownFileType = sourcecode.c.h; path = lfg.h; sourceTree = "<group>"; };
		B54ECD5C1CE4E03800B758A2 /* log.h */ = {isa = PBXFileReference; fileEncoding = 4; lastKnownFileType = sourcecode.c.h; path = log.h; sourceTree = "<group>"; };
		B54ECD5D1CE4E03800B758A2 /* lzo.h */ = {isa = PBXFileReference; fileEncoding = 4; lastKnownFileType = sourcecode.c.h; path = lzo.h; sourceTree = "<group>"; };
		B54ECD5E1CE4E03800B758A2 /* macros.h */ = {isa = PBXFileReference; fileEncoding = 4; lastKnownFileType = sourcecode.c.h; path = macros.h; sourceTree = "<group>"; };
		B54ECD5F1CE4E03800B758A2 /* mathematics.h */ = {isa = PBXFileReference; fileEncoding = 4; lastKnownFileType = sourcecode.c.h; path = mathematics.h; sourceTree = "<group>"; };
		B54ECD601CE4E03800B758A2 /* md5.h */ = {isa = PBXFileReference; fileEncoding = 4; lastKnownFileType = sourcecode.c.h; path = md5.h; sourceTree = "<group>"; };
		B54ECD611CE4E03800B758A2 /* mem.h */ = {isa = PBXFileReference; fileEncoding = 4; lastKnownFileType = sourcecode.c.h; path = mem.h; sourceTree = "<group>"; };
		B54ECD621CE4E03800B758A2 /* motion_vector.h */ = {isa = PBXFileReference; fileEncoding = 4; lastKnownFileType = sourcecode.c.h; path = motion_vector.h; sourceTree = "<group>"; };
		B54ECD631CE4E03800B758A2 /* murmur3.h */ = {isa = PBXFileReference; fileEncoding = 4; lastKnownFileType = sourcecode.c.h; path = murmur3.h; sourceTree = "<group>"; };
		B54ECD641CE4E03800B758A2 /* old_pix_fmts.h */ = {isa = PBXFileReference; fileEncoding = 4; lastKnownFileType = sourcecode.c.h; path = old_pix_fmts.h; sourceTree = "<group>"; };
		B54ECD651CE4E03800B758A2 /* opt.h */ = {isa = PBXFileReference; fileEncoding = 4; lastKnownFileType = sourcecode.c.h; path = opt.h; sourceTree = "<group>"; };
		B54ECD661CE4E03800B758A2 /* parseutils.h */ = {isa = PBXFileReference; fileEncoding = 4; lastKnownFileType = sourcecode.c.h; path = parseutils.h; sourceTree = "<group>"; };
		B54ECD671CE4E03800B758A2 /* pixdesc.h */ = {isa = PBXFileReference; fileEncoding = 4; lastKnownFileType = sourcecode.c.h; path = pixdesc.h; sourceTree = "<group>"; };
		B54ECD681CE4E03800B758A2 /* pixelutils.h */ = {isa = PBXFileReference; fileEncoding = 4; lastKnownFileType = sourcecode.c.h; path = pixelutils.h; sourceTree = "<group>"; };
		B54ECD691CE4E03800B758A2 /* pixfmt.h */ = {isa = PBXFileReference; fileEncoding = 4; lastKnownFileType = sourcecode.c.h; path = pixfmt.h; sourceTree = "<group>"; };
		B54ECD6A1CE4E03800B758A2 /* random_seed.h */ = {isa = PBXFileReference; fileEncoding = 4; lastKnownFileType = sourcecode.c.h; path = random_seed.h; sourceTree = "<group>"; };
		B54ECD6B1CE4E03800B758A2 /* rational.h */ = {isa = PBXFileReference; fileEncoding = 4; lastKnownFileType = sourcecode.c.h; path = rational.h; sourceTree = "<group>"; };
		B54ECD6C1CE4E03800B758A2 /* replaygain.h */ = {isa = PBXFileReference; fileEncoding = 4; lastKnownFileType = sourcecode.c.h; path = replaygain.h; sourceTree = "<group>"; };
		B54ECD6D1CE4E03800B758A2 /* ripemd.h */ = {isa = PBXFileReference; fileEncoding = 4; lastKnownFileType = sourcecode.c.h; path = ripemd.h; sourceTree = "<group>"; };
		B54ECD6E1CE4E03800B758A2 /* samplefmt.h */ = {isa = PBXFileReference; fileEncoding = 4; lastKnownFileType = sourcecode.c.h; path = samplefmt.h; sourceTree = "<group>"; };
		B54ECD6F1CE4E03800B758A2 /* sha.h */ = {isa = PBXFileReference; fileEncoding = 4; lastKnownFileType = sourcecode.c.h; path = sha.h; sourceTree = "<group>"; };
		B54ECD701CE4E03800B758A2 /* sha512.h */ = {isa = PBXFileReference; fileEncoding = 4; lastKnownFileType = sourcecode.c.h; path = sha512.h; sourceTree = "<group>"; };
		B54ECD711CE4E03800B758A2 /* stereo3d.h */ = {isa = PBXFileReference; fileEncoding = 4; lastKnownFileType = sourcecode.c.h; path = stereo3d.h; sourceTree = "<group>"; };
		B54ECD721CE4E03800B758A2 /* threadmessage.h */ = {isa = PBXFileReference; fileEncoding = 4; lastKnownFileType = sourcecode.c.h; path = threadmessage.h; sourceTree = "<group>"; };
		B54ECD731CE4E03800B758A2 /* time.h */ = {isa = PBXFileReference; fileEncoding = 4; lastKnownFileType = sourcecode.c.h; path = time.h; sourceTree = "<group>"; };
		B54ECD741CE4E03800B758A2 /* timecode.h */ = {isa = PBXFileReference; fileEncoding = 4; lastKnownFileType = sourcecode.c.h; path = timecode.h; sourceTree = "<group>"; };
		B54ECD751CE4E03800B758A2 /* timestamp.h */ = {isa = PBXFileReference; fileEncoding = 4; lastKnownFileType = sourcecode.c.h; path = timestamp.h; sourceTree = "<group>"; };
		B54ECD761CE4E03800B758A2 /* twofish.h */ = {isa = PBXFileReference; fileEncoding = 4; lastKnownFileType = sourcecode.c.h; path = twofish.h; sourceTree = "<group>"; };
		B54ECD771CE4E03800B758A2 /* version.h */ = {isa = PBXFileReference; fileEncoding = 4; lastKnownFileType = sourcecode.c.h; path = version.h; sourceTree = "<group>"; };
		B54ECD781CE4E03800B758A2 /* xtea.h */ = {isa = PBXFileReference; fileEncoding = 4; lastKnownFileType = sourcecode.c.h; path = xtea.h; sourceTree = "<group>"; };
		B54ECD7A1CE4E03800B758A2 /* swresample.h */ = {isa = PBXFileReference; fileEncoding = 4; lastKnownFileType = sourcecode.c.h; path = swresample.h; sourceTree = "<group>"; };
		B54ECD7B1CE4E03800B758A2 /* version.h */ = {isa = PBXFileReference; fileEncoding = 4; lastKnownFileType = sourcecode.c.h; path = version.h; sourceTree = "<group>"; };
		B54ECD7D1CE4E03800B758A2 /* swscale.h */ = {isa = PBXFileReference; fileEncoding = 4; lastKnownFileType = sourcecode.c.h; path = swscale.h; sourceTree = "<group>"; };
		B54ECD7E1CE4E03800B758A2 /* version.h */ = {isa = PBXFileReference; fileEncoding = 4; lastKnownFileType = sourcecode.c.h; path = version.h; sourceTree = "<group>"; };
		B54ECD801CE4E03800B758A2 /* libavcodec.a */ = {isa = PBXFileReference; lastKnownFileType = archive.ar; path = libavcodec.a; sourceTree = "<group>"; };
		B54ECD811CE4E03800B758A2 /* libavdevice.a */ = {isa = PBXFileReference; lastKnownFileType = archive.ar; path = libavdevice.a; sourceTree = "<group>"; };
		B54ECD821CE4E03800B758A2 /* libavfilter.a */ = {isa = PBXFileReference; lastKnownFileType = archive.ar; path = libavfilter.a; sourceTree = "<group>"; };
		B54ECD831CE4E03800B758A2 /* libavformat.a */ = {isa = PBXFileReference; lastKnownFileType = archive.ar; path = libavformat.a; sourceTree = "<group>"; };
		B54ECD841CE4E03800B758A2 /* libavutil.a */ = {isa = PBXFileReference; lastKnownFileType = archive.ar; path = libavutil.a; sourceTree = "<group>"; };
		B54ECD851CE4E03800B758A2 /* libswresample.a */ = {isa = PBXFileReference; lastKnownFileType = archive.ar; path = libswresample.a; sourceTree = "<group>"; };
		B54ECD861CE4E03800B758A2 /* libswscale.a */ = {isa = PBXFileReference; lastKnownFileType = archive.ar; path = libswscale.a; sourceTree = "<group>"; };
		B54ECD8F1CE4E04300B758A2 /* AudioStreamer.h */ = {isa = PBXFileReference; fileEncoding = 4; lastKnownFileType = sourcecode.c.h; path = AudioStreamer.h; sourceTree = "<group>"; };
		B54ECD901CE4E04300B758A2 /* AudioStreamer.m */ = {isa = PBXFileReference; fileEncoding = 4; lastKnownFileType = sourcecode.c.objc; path = AudioStreamer.m; sourceTree = "<group>"; };
		B54ECD911CE4E04300B758A2 /* RTSPPlayer.h */ = {isa = PBXFileReference; fileEncoding = 4; lastKnownFileType = sourcecode.c.h; path = RTSPPlayer.h; sourceTree = "<group>"; };
		B54ECD921CE4E04300B758A2 /* RTSPPlayer.m */ = {isa = PBXFileReference; fileEncoding = 4; lastKnownFileType = sourcecode.c.objc; path = RTSPPlayer.m; sourceTree = "<group>"; };
		B54ECD931CE4E04300B758A2 /* Utilities.h */ = {isa = PBXFileReference; fileEncoding = 4; lastKnownFileType = sourcecode.c.h; path = Utilities.h; sourceTree = "<group>"; };
		B54ECD941CE4E04300B758A2 /* Utilities.m */ = {isa = PBXFileReference; fileEncoding = 4; lastKnownFileType = sourcecode.c.objc; path = Utilities.m; sourceTree = "<group>"; };
		B59CF8CF1C4D254000E09221 /* ActionCamera.app */ = {isa = PBXFileReference; explicitFileType = wrapper.application; includeInIndex = 0; path = ActionCamera.app; sourceTree = BUILT_PRODUCTS_DIR; };
		B59CF8D31C4D254000E09221 /* main.m */ = {isa = PBXFileReference; lastKnownFileType = sourcecode.c.objc; path = main.m; sourceTree = "<group>"; };
		B59CF8D51C4D254000E09221 /* AppDelegate.h */ = {isa = PBXFileReference; lastKnownFileType = sourcecode.c.h; path = AppDelegate.h; sourceTree = "<group>"; };
		B59CF8D61C4D254000E09221 /* AppDelegate.m */ = {isa = PBXFileReference; lastKnownFileType = sourcecode.c.objc; path = AppDelegate.m; sourceTree = "<group>"; };
		B59CF8D81C4D254000E09221 /* ViewController.h */ = {isa = PBXFileReference; lastKnownFileType = sourcecode.c.h; path = ViewController.h; sourceTree = "<group>"; };
		B59CF8D91C4D254000E09221 /* ViewController.m */ = {isa = PBXFileReference; lastKnownFileType = sourcecode.c.objc; path = ViewController.m; sourceTree = "<group>"; };
		B59CF8DC1C4D254000E09221 /* Base */ = {isa = PBXFileReference; lastKnownFileType = file.storyboard; name = Base; path = Base.lproj/Main.storyboard; sourceTree = "<group>"; };
		B59CF8E11C4D254000E09221 /* Assets.xcassets */ = {isa = PBXFileReference; lastKnownFileType = folder.assetcatalog; path = Assets.xcassets; sourceTree = "<group>"; };
		B59CF8E41C4D254000E09221 /* Base */ = {isa = PBXFileReference; lastKnownFileType = file.storyboard; name = Base; path = Base.lproj/LaunchScreen.storyboard; sourceTree = "<group>"; };
		B59CF8E61C4D254000E09221 /* Info.plist */ = {isa = PBXFileReference; lastKnownFileType = text.plist.xml; path = Info.plist; sourceTree = "<group>"; };
		B59CF8EB1C4D254000E09221 /* ActionCameraTests.xctest */ = {isa = PBXFileReference; explicitFileType = wrapper.cfbundle; includeInIndex = 0; path = ActionCameraTests.xctest; sourceTree = BUILT_PRODUCTS_DIR; };
		B59CF8EF1C4D254000E09221 /* ActionCameraTests.m */ = {isa = PBXFileReference; lastKnownFileType = sourcecode.c.objc; path = ActionCameraTests.m; sourceTree = "<group>"; };
		B59CF8F11C4D254000E09221 /* Info.plist */ = {isa = PBXFileReference; lastKnownFileType = text.plist.xml; path = Info.plist; sourceTree = "<group>"; };
		B59CF8F61C4D254000E09221 /* ActionCameraUITests.xctest */ = {isa = PBXFileReference; explicitFileType = wrapper.cfbundle; includeInIndex = 0; path = ActionCameraUITests.xctest; sourceTree = BUILT_PRODUCTS_DIR; };
		B59CF8FA1C4D254000E09221 /* ActionCameraUITests.m */ = {isa = PBXFileReference; lastKnownFileType = sourcecode.c.objc; path = ActionCameraUITests.m; sourceTree = "<group>"; };
		B59CF8FC1C4D254000E09221 /* Info.plist */ = {isa = PBXFileReference; lastKnownFileType = text.plist.xml; path = Info.plist; sourceTree = "<group>"; };
		B59CF9581C53C5EF00E09221 /* MobileVLCKit.framework */ = {isa = PBXFileReference; lastKnownFileType = wrapper.framework; path = MobileVLCKit.framework; sourceTree = "<group>"; };
		B59CF95A1C53D0FB00E09221 /* libstdc++.tbd */ = {isa = PBXFileReference; lastKnownFileType = "sourcecode.text-based-dylib-definition"; name = "libstdc++.tbd"; path = "usr/lib/libstdc++.tbd"; sourceTree = SDKROOT; };
		B59CF95C1C53D11C00E09221 /* libz.tbd */ = {isa = PBXFileReference; lastKnownFileType = "sourcecode.text-based-dylib-definition"; name = libz.tbd; path = usr/lib/libz.tbd; sourceTree = SDKROOT; };
		B59CF95E1C53D15000E09221 /* libstdc++.6.0.9.tbd */ = {isa = PBXFileReference; lastKnownFileType = "sourcecode.text-based-dylib-definition"; name = "libstdc++.6.0.9.tbd"; path = "usr/lib/libstdc++.6.0.9.tbd"; sourceTree = SDKROOT; };
		B59CF9601C53D17400E09221 /* libbz2.tbd */ = {isa = PBXFileReference; lastKnownFileType = "sourcecode.text-based-dylib-definition"; name = libbz2.tbd; path = usr/lib/libbz2.tbd; sourceTree = SDKROOT; };
		B59CF9621C53D18800E09221 /* libiconv.tbd */ = {isa = PBXFileReference; lastKnownFileType = "sourcecode.text-based-dylib-definition"; name = libiconv.tbd; path = usr/lib/libiconv.tbd; sourceTree = SDKROOT; };
		B59CF9641C53D1B100E09221 /* libiconv.2.4.0.tbd */ = {isa = PBXFileReference; lastKnownFileType = "sourcecode.text-based-dylib-definition"; name = libiconv.2.4.0.tbd; path = usr/lib/libiconv.2.4.0.tbd; sourceTree = SDKROOT; };
		B59CF9661C53D1D700E09221 /* MediaPlayer.framework */ = {isa = PBXFileReference; lastKnownFileType = wrapper.framework; name = MediaPlayer.framework; path = System/Library/Frameworks/MediaPlayer.framework; sourceTree = SDKROOT; };
		B59CF9681C53D1F000E09221 /* CoreAudio.framework */ = {isa = PBXFileReference; lastKnownFileType = wrapper.framework; name = CoreAudio.framework; path = System/Library/Frameworks/CoreAudio.framework; sourceTree = SDKROOT; };
		B59CF96A1C53D21000E09221 /* VideoToolbox.framework */ = {isa = PBXFileReference; lastKnownFileType = wrapper.framework; name = VideoToolbox.framework; path = System/Library/Frameworks/VideoToolbox.framework; sourceTree = SDKROOT; };
		B59CF96C1C53D27900E09221 /* MobileCoreServices.framework */ = {isa = PBXFileReference; lastKnownFileType = wrapper.framework; name = MobileCoreServices.framework; path = System/Library/Frameworks/MobileCoreServices.framework; sourceTree = SDKROOT; };
		B59CF96E1C53D39900E09221 /* CoreGraphics.framework */ = {isa = PBXFileReference; lastKnownFileType = wrapper.framework; name = CoreGraphics.framework; path = System/Library/Frameworks/CoreGraphics.framework; sourceTree = SDKROOT; };
		B59CF9701C53D44700E09221 /* AudioToolbox.framework */ = {isa = PBXFileReference; lastKnownFileType = wrapper.framework; name = AudioToolbox.framework; path = System/Library/Frameworks/AudioToolbox.framework; sourceTree = SDKROOT; };
		B59D5C491CDCDECA00B6661E /* ACModeObject.h */ = {isa = PBXFileReference; fileEncoding = 4; lastKnownFileType = sourcecode.c.h; path = ACModeObject.h; sourceTree = "<group>"; };
		B59D5C4A1CDCDECA00B6661E /* ACModeObject.m */ = {isa = PBXFileReference; fileEncoding = 4; lastKnownFileType = sourcecode.c.objc; path = ACModeObject.m; sourceTree = "<group>"; };
		B59D5C4B1CDCDECA00B6661E /* BatteryObject.h */ = {isa = PBXFileReference; fileEncoding = 4; lastKnownFileType = sourcecode.c.h; path = BatteryObject.h; sourceTree = "<group>"; };
		B59D5C4C1CDCDECA00B6661E /* BatteryObject.m */ = {isa = PBXFileReference; fileEncoding = 4; lastKnownFileType = sourcecode.c.objc; path = BatteryObject.m; sourceTree = "<group>"; };
		B59D5C4D1CDCDECA00B6661E /* SettingObject.h */ = {isa = PBXFileReference; fileEncoding = 4; lastKnownFileType = sourcecode.c.h; path = SettingObject.h; sourceTree = "<group>"; };
		B59D5C4E1CDCDECA00B6661E /* SettingObject.m */ = {isa = PBXFileReference; fileEncoding = 4; lastKnownFileType = sourcecode.c.objc; path = SettingObject.m; sourceTree = "<group>"; };
		B59D5C541CDCDF2D00B6661E /* ColorHelper.h */ = {isa = PBXFileReference; fileEncoding = 4; lastKnownFileType = sourcecode.c.h; path = ColorHelper.h; sourceTree = "<group>"; };
		B59D5C551CDCDF2D00B6661E /* ColorHelper.m */ = {isa = PBXFileReference; fileEncoding = 4; lastKnownFileType = sourcecode.c.objc; path = ColorHelper.m; sourceTree = "<group>"; };
		B59D5C561CDCDF2D00B6661E /* ImageHelper.h */ = {isa = PBXFileReference; fileEncoding = 4; lastKnownFileType = sourcecode.c.h; path = ImageHelper.h; sourceTree = "<group>"; };
		B59D5C571CDCDF2D00B6661E /* ImageHelper.m */ = {isa = PBXFileReference; fileEncoding = 4; lastKnownFileType = sourcecode.c.objc; path = ImageHelper.m; sourceTree = "<group>"; };
		B59D5C581CDCDF2D00B6661E /* StringHelper.h */ = {isa = PBXFileReference; fileEncoding = 4; lastKnownFileType = sourcecode.c.h; path = StringHelper.h; sourceTree = "<group>"; };
		B59D5C591CDCDF2D00B6661E /* StringHelper.m */ = {isa = PBXFileReference; fileEncoding = 4; lastKnownFileType = sourcecode.c.objc; path = StringHelper.m; sourceTree = "<group>"; };
		B59D5C5D1CDCDF6900B6661E /* NSString+Case.h */ = {isa = PBXFileReference; fileEncoding = 4; lastKnownFileType = sourcecode.c.h; path = "NSString+Case.h"; sourceTree = "<group>"; };
		B59D5C5E1CDCDF6900B6661E /* NSString+Case.m */ = {isa = PBXFileReference; fileEncoding = 4; lastKnownFileType = sourcecode.c.objc; path = "NSString+Case.m"; sourceTree = "<group>"; };
		B59D5C601CDCE1D900B6661E /* ACDefines.h */ = {isa = PBXFileReference; lastKnownFileType = sourcecode.c.h; path = ACDefines.h; sourceTree = "<group>"; };
		B59D5C611CDCE44A00B6661E /* JSONHelper.h */ = {isa = PBXFileReference; fileEncoding = 4; lastKnownFileType = sourcecode.c.h; path = JSONHelper.h; sourceTree = "<group>"; };
		B59D5C621CDCE44A00B6661E /* JSONHelper.m */ = {isa = PBXFileReference; fileEncoding = 4; lastKnownFileType = sourcecode.c.objc; path = JSONHelper.m; sourceTree = "<group>"; };
		B59D5C641CDCE9C800B6661E /* SystemInfoHelper.h */ = {isa = PBXFileReference; fileEncoding = 4; lastKnownFileType = sourcecode.c.h; path = SystemInfoHelper.h; sourceTree = "<group>"; };
		B59D5C651CDCE9C800B6661E /* SystemInfoHelper.m */ = {isa = PBXFileReference; fileEncoding = 4; lastKnownFileType = sourcecode.c.objc; path = SystemInfoHelper.m; sourceTree = "<group>"; };
		B59D5C671CDCF78200B6661E /* Defines.h */ = {isa = PBXFileReference; lastKnownFileType = sourcecode.c.h; path = Defines.h; sourceTree = "<group>"; };
		B5C8AABE1C5F216A00E2DBA8 /* CoreVideo.framework */ = {isa = PBXFileReference; lastKnownFileType = wrapper.framework; name = CoreVideo.framework; path = System/Library/Frameworks/CoreVideo.framework; sourceTree = SDKROOT; };
		B5C8AAC01C5F219A00E2DBA8 /* ImageIO.framework */ = {isa = PBXFileReference; lastKnownFileType = wrapper.framework; name = ImageIO.framework; path = System/Library/Frameworks/ImageIO.framework; sourceTree = SDKROOT; };
		B5C8AAC21C5F221000E2DBA8 /* AVFoundation.framework */ = {isa = PBXFileReference; lastKnownFileType = wrapper.framework; name = AVFoundation.framework; path = System/Library/Frameworks/AVFoundation.framework; sourceTree = SDKROOT; };
		B5C8AACD1C5F247700E2DBA8 /* CoreMedia.framework */ = {isa = PBXFileReference; lastKnownFileType = wrapper.framework; name = CoreMedia.framework; path = System/Library/Frameworks/CoreMedia.framework; sourceTree = SDKROOT; };
/* End PBXFileReference section */

/* Begin PBXFrameworksBuildPhase section */
		B59CF8CC1C4D254000E09221 /* Frameworks */ = {
			isa = PBXFrameworksBuildPhase;
			buildActionMask = 2147483647;
			files = (
				B54ECD881CE4E03800B758A2 /* libavdevice.a in Frameworks */,
				B5C8AACE1C5F247700E2DBA8 /* CoreMedia.framework in Frameworks */,
				B54ECD8D1CE4E03800B758A2 /* libswscale.a in Frameworks */,
				B5C8AACC1C5F243B00E2DBA8 /* CoreAudio.framework in Frameworks */,
				B54ECD8A1CE4E03800B758A2 /* libavformat.a in Frameworks */,
				B5C8AAC31C5F221000E2DBA8 /* AVFoundation.framework in Frameworks */,
				B54ECD871CE4E03800B758A2 /* libavcodec.a in Frameworks */,
				B5C8AAC11C5F219A00E2DBA8 /* ImageIO.framework in Frameworks */,
				B54ECD891CE4E03800B758A2 /* libavfilter.a in Frameworks */,
				B5C8AABF1C5F216A00E2DBA8 /* CoreVideo.framework in Frameworks */,
				B5C8AABD1C5F215200E2DBA8 /* VideoToolbox.framework in Frameworks */,
				B54ECD8C1CE4E03800B758A2 /* libswresample.a in Frameworks */,
				B59CF9721C53D49C00E09221 /* libstdc++.6.0.9.tbd in Frameworks */,
				B59CF9711C53D44700E09221 /* AudioToolbox.framework in Frameworks */,
				B59CF9631C53D18800E09221 /* libiconv.tbd in Frameworks */,
				B59CF9611C53D17400E09221 /* libbz2.tbd in Frameworks */,
				B59CF9591C53C5EF00E09221 /* MobileVLCKit.framework in Frameworks */,
				DF1F41125F550CBF92664F03 /* libPods.a in Frameworks */,
				B54ECD8B1CE4E03800B758A2 /* libavutil.a in Frameworks */,
			);
			runOnlyForDeploymentPostprocessing = 0;
		};
		B59CF8E81C4D254000E09221 /* Frameworks */ = {
			isa = PBXFrameworksBuildPhase;
			buildActionMask = 2147483647;
			files = (
			);
			runOnlyForDeploymentPostprocessing = 0;
		};
		B59CF8F31C4D254000E09221 /* Frameworks */ = {
			isa = PBXFrameworksBuildPhase;
			buildActionMask = 2147483647;
			files = (
			);
			runOnlyForDeploymentPostprocessing = 0;
		};
/* End PBXFrameworksBuildPhase section */

/* Begin PBXGroup section */
		686F04257B4DD23142A41E49 /* Frameworks */ = {
			isa = PBXGroup;
			children = (
				3656DFC9FEB6AE0D3ABE491C /* libPods.a */,
			);
			name = Frameworks;
			sourceTree = "<group>";
		};
		A081641416C9C2A4CFE9D7B1 /* Pods */ = {
			isa = PBXGroup;
			children = (
				74593FD30E19863BA4F22A0D /* Pods.debug.xcconfig */,
				8DAAB4F7934AD5CF2078A6DB /* Pods.release.xcconfig */,
			);
			name = Pods;
			sourceTree = "<group>";
		};
		B52635751C75672C000BAD40 /* Camera */ = {
			isa = PBXGroup;
			children = (
				B59D5C601CDCE1D900B6661E /* ACDefines.h */,
				B526358B1C756AD2000BAD40 /* CameraHAM.h */,
				B526358C1C756AD2000BAD40 /* CameraHAM.m */,
				B52635801C75672C000BAD40 /* Socket */,
				B52635761C75672C000BAD40 /* Command */,
				B526357B1C75672C000BAD40 /* SettingAndOption */,
				B59D5C481CDCDECA00B6661E /* Model */,
				B59D5C531CDCDF2D00B6661E /* Helper */,
			);
			path = Camera;
			sourceTree = "<group>";
		};
		B52635761C75672C000BAD40 /* Command */ = {
			isa = PBXGroup;
			children = (
				B52635771C75672C000BAD40 /* ACCommandObject.h */,
				B52635781C75672C000BAD40 /* ACCommandObject.m */,
				B52635791C75672C000BAD40 /* ACCommandService.h */,
				B526357A1C75672C000BAD40 /* ACCommandService.m */,
			);
			path = Command;
			sourceTree = "<group>";
		};
		B526357B1C75672C000BAD40 /* SettingAndOption */ = {
			isa = PBXGroup;
			children = (
				B526357C1C75672C000BAD40 /* ACSettingOptions.h */,
				B526357D1C75672C000BAD40 /* ACSettingOptions.m */,
				B526357E1C75672C000BAD40 /* ACSettings.h */,
				B526357F1C75672C000BAD40 /* ACSettings.m */,
			);
			path = SettingAndOption;
			sourceTree = "<group>";
		};
		B52635801C75672C000BAD40 /* Socket */ = {
			isa = PBXGroup;
			children = (
				B52635811C75672C000BAD40 /* ACSocketObject.h */,
				B52635821C75672C000BAD40 /* ACSocketObject.m */,
				B52635831C75672C000BAD40 /* ACSocketService.h */,
				B52635841C75672C000BAD40 /* ACSocketService.m */,
			);
			path = Socket;
			sourceTree = "<group>";
		};
		B54ECD1A1CE4E03800B758A2 /* FFMpegiOS */ = {
			isa = PBXGroup;
			children = (
				B54ECD1B1CE4E03800B758A2 /* include */,
				B54ECD7F1CE4E03800B758A2 /* lib */,
			);
			name = FFMpegiOS;
			path = Libs/FFMpegiOS;
			sourceTree = "<group>";
		};
		B54ECD1B1CE4E03800B758A2 /* include */ = {
			isa = PBXGroup;
			children = (
				B54ECD1C1CE4E03800B758A2 /* libavcodec */,
				B54ECD291CE4E03800B758A2 /* libavdevice */,
				B54ECD2C1CE4E03800B758A2 /* libavfilter */,
				B54ECD341CE4E03800B758A2 /* libavformat */,
				B54ECD381CE4E03800B758A2 /* libavutil */,
				B54ECD791CE4E03800B758A2 /* libswresample */,
				B54ECD7C1CE4E03800B758A2 /* libswscale */,
			);
			path = include;
			sourceTree = "<group>";
		};
		B54ECD1C1CE4E03800B758A2 /* libavcodec */ = {
			isa = PBXGroup;
			children = (
				B54ECD1D1CE4E03800B758A2 /* avcodec.h */,
				B54ECD1E1CE4E03800B758A2 /* avfft.h */,
				B54ECD1F1CE4E03800B758A2 /* dv_profile.h */,
				B54ECD201CE4E03800B758A2 /* dxva2.h */,
				B54ECD211CE4E03800B758A2 /* old_codec_ids.h */,
				B54ECD221CE4E03800B758A2 /* qsv.h */,
				B54ECD231CE4E03800B758A2 /* vaapi.h */,
				B54ECD241CE4E03800B758A2 /* vda.h */,
				B54ECD251CE4E03800B758A2 /* vdpau.h */,
				B54ECD261CE4E03800B758A2 /* version.h */,
				B54ECD271CE4E03800B758A2 /* vorbis_parser.h */,
				B54ECD281CE4E03800B758A2 /* xvmc.h */,
			);
			path = libavcodec;
			sourceTree = "<group>";
		};
		B54ECD291CE4E03800B758A2 /* libavdevice */ = {
			isa = PBXGroup;
			children = (
				B54ECD2A1CE4E03800B758A2 /* avdevice.h */,
				B54ECD2B1CE4E03800B758A2 /* version.h */,
			);
			path = libavdevice;
			sourceTree = "<group>";
		};
		B54ECD2C1CE4E03800B758A2 /* libavfilter */ = {
			isa = PBXGroup;
			children = (
				B54ECD2D1CE4E03800B758A2 /* asrc_abuffer.h */,
				B54ECD2E1CE4E03800B758A2 /* avcodec.h */,
				B54ECD2F1CE4E03800B758A2 /* avfilter.h */,
				B54ECD301CE4E03800B758A2 /* avfiltergraph.h */,
				B54ECD311CE4E03800B758A2 /* buffersink.h */,
				B54ECD321CE4E03800B758A2 /* buffersrc.h */,
				B54ECD331CE4E03800B758A2 /* version.h */,
			);
			path = libavfilter;
			sourceTree = "<group>";
		};
		B54ECD341CE4E03800B758A2 /* libavformat */ = {
			isa = PBXGroup;
			children = (
				B54ECD351CE4E03800B758A2 /* avformat.h */,
				B54ECD361CE4E03800B758A2 /* avio.h */,
				B54ECD371CE4E03800B758A2 /* version.h */,
			);
			path = libavformat;
			sourceTree = "<group>";
		};
		B54ECD381CE4E03800B758A2 /* libavutil */ = {
			isa = PBXGroup;
			children = (
				B54ECD391CE4E03800B758A2 /* adler32.h */,
				B54ECD3A1CE4E03800B758A2 /* aes.h */,
				B54ECD3B1CE4E03800B758A2 /* attributes.h */,
				B54ECD3C1CE4E03800B758A2 /* audio_fifo.h */,
				B54ECD3D1CE4E03800B758A2 /* audioconvert.h */,
				B54ECD3E1CE4E03800B758A2 /* avassert.h */,
				B54ECD3F1CE4E03800B758A2 /* avconfig.h */,
				B54ECD401CE4E03800B758A2 /* avstring.h */,
				B54ECD411CE4E03800B758A2 /* avutil.h */,
				B54ECD421CE4E03800B758A2 /* base64.h */,
				B54ECD431CE4E03800B758A2 /* blowfish.h */,
				B54ECD441CE4E03800B758A2 /* bprint.h */,
				B54ECD451CE4E03800B758A2 /* bswap.h */,
				B54ECD461CE4E03800B758A2 /* buffer.h */,
				B54ECD471CE4E03800B758A2 /* camellia.h */,
				B54ECD481CE4E03800B758A2 /* cast5.h */,
				B54ECD491CE4E03800B758A2 /* channel_layout.h */,
				B54ECD4A1CE4E03800B758A2 /* common.h */,
				B54ECD4B1CE4E03800B758A2 /* cpu.h */,
				B54ECD4C1CE4E03800B758A2 /* crc.h */,
				B54ECD4D1CE4E03800B758A2 /* dict.h */,
				B54ECD4E1CE4E03800B758A2 /* display.h */,
				B54ECD4F1CE4E03800B758A2 /* downmix_info.h */,
				B54ECD501CE4E03800B758A2 /* error.h */,
				B54ECD511CE4E03800B758A2 /* eval.h */,
				B54ECD521CE4E03800B758A2 /* ffversion.h */,
				B54ECD531CE4E03800B758A2 /* fifo.h */,
				B54ECD541CE4E03800B758A2 /* file.h */,
				B54ECD551CE4E03800B758A2 /* frame.h */,
				B54ECD561CE4E03800B758A2 /* hash.h */,
				B54ECD571CE4E03800B758A2 /* hmac.h */,
				B54ECD581CE4E03800B758A2 /* imgutils.h */,
				B54ECD591CE4E03800B758A2 /* intfloat.h */,
				B54ECD5A1CE4E03800B758A2 /* intreadwrite.h */,
				B54ECD5B1CE4E03800B758A2 /* lfg.h */,
				B54ECD5C1CE4E03800B758A2 /* log.h */,
				B54ECD5D1CE4E03800B758A2 /* lzo.h */,
				B54ECD5E1CE4E03800B758A2 /* macros.h */,
				B54ECD5F1CE4E03800B758A2 /* mathematics.h */,
				B54ECD601CE4E03800B758A2 /* md5.h */,
				B54ECD611CE4E03800B758A2 /* mem.h */,
				B54ECD621CE4E03800B758A2 /* motion_vector.h */,
				B54ECD631CE4E03800B758A2 /* murmur3.h */,
				B54ECD641CE4E03800B758A2 /* old_pix_fmts.h */,
				B54ECD651CE4E03800B758A2 /* opt.h */,
				B54ECD661CE4E03800B758A2 /* parseutils.h */,
				B54ECD671CE4E03800B758A2 /* pixdesc.h */,
				B54ECD681CE4E03800B758A2 /* pixelutils.h */,
				B54ECD691CE4E03800B758A2 /* pixfmt.h */,
				B54ECD6A1CE4E03800B758A2 /* random_seed.h */,
				B54ECD6B1CE4E03800B758A2 /* rational.h */,
				B54ECD6C1CE4E03800B758A2 /* replaygain.h */,
				B54ECD6D1CE4E03800B758A2 /* ripemd.h */,
				B54ECD6E1CE4E03800B758A2 /* samplefmt.h */,
				B54ECD6F1CE4E03800B758A2 /* sha.h */,
				B54ECD701CE4E03800B758A2 /* sha512.h */,
				B54ECD711CE4E03800B758A2 /* stereo3d.h */,
				B54ECD721CE4E03800B758A2 /* threadmessage.h */,
				B54ECD731CE4E03800B758A2 /* time.h */,
				B54ECD741CE4E03800B758A2 /* timecode.h */,
				B54ECD751CE4E03800B758A2 /* timestamp.h */,
				B54ECD761CE4E03800B758A2 /* twofish.h */,
				B54ECD771CE4E03800B758A2 /* version.h */,
				B54ECD781CE4E03800B758A2 /* xtea.h */,
			);
			path = libavutil;
			sourceTree = "<group>";
		};
		B54ECD791CE4E03800B758A2 /* libswresample */ = {
			isa = PBXGroup;
			children = (
				B54ECD7A1CE4E03800B758A2 /* swresample.h */,
				B54ECD7B1CE4E03800B758A2 /* version.h */,
			);
			path = libswresample;
			sourceTree = "<group>";
		};
		B54ECD7C1CE4E03800B758A2 /* libswscale */ = {
			isa = PBXGroup;
			children = (
				B54ECD7D1CE4E03800B758A2 /* swscale.h */,
				B54ECD7E1CE4E03800B758A2 /* version.h */,
			);
			path = libswscale;
			sourceTree = "<group>";
		};
		B54ECD7F1CE4E03800B758A2 /* lib */ = {
			isa = PBXGroup;
			children = (
				B54ECD801CE4E03800B758A2 /* libavcodec.a */,
				B54ECD811CE4E03800B758A2 /* libavdevice.a */,
				B54ECD821CE4E03800B758A2 /* libavfilter.a */,
				B54ECD831CE4E03800B758A2 /* libavformat.a */,
				B54ECD841CE4E03800B758A2 /* libavutil.a */,
				B54ECD851CE4E03800B758A2 /* libswresample.a */,
				B54ECD861CE4E03800B758A2 /* libswscale.a */,
			);
			path = lib;
			sourceTree = "<group>";
		};
		B54ECD8E1CE4E04300B758A2 /* FFMpegDecoder */ = {
			isa = PBXGroup;
			children = (
				B54ECD8F1CE4E04300B758A2 /* AudioStreamer.h */,
				B54ECD901CE4E04300B758A2 /* AudioStreamer.m */,
				B54ECD911CE4E04300B758A2 /* RTSPPlayer.h */,
				B54ECD921CE4E04300B758A2 /* RTSPPlayer.m */,
				B54ECD931CE4E04300B758A2 /* Utilities.h */,
				B54ECD941CE4E04300B758A2 /* Utilities.m */,
			);
			name = FFMpegDecoder;
			path = Libs/FFMpegDecoder;
			sourceTree = "<group>";
		};
		B59CF8C61C4D254000E09221 = {
			isa = PBXGroup;
			children = (
				B59CF8D11C4D254000E09221 /* ActionCamera */,
				B59CF8EE1C4D254000E09221 /* ActionCameraTests */,
				B59CF8F91C4D254000E09221 /* ActionCameraUITests */,
				B59CF8D01C4D254000E09221 /* Products */,
				A081641416C9C2A4CFE9D7B1 /* Pods */,
				686F04257B4DD23142A41E49 /* Frameworks */,
			);
			sourceTree = "<group>";
		};
		B59CF8D01C4D254000E09221 /* Products */ = {
			isa = PBXGroup;
			children = (
				B59CF8CF1C4D254000E09221 /* ActionCamera.app */,
				B59CF8EB1C4D254000E09221 /* ActionCameraTests.xctest */,
				B59CF8F61C4D254000E09221 /* ActionCameraUITests.xctest */,
			);
			name = Products;
			sourceTree = "<group>";
		};
		B59CF8D11C4D254000E09221 /* ActionCamera */ = {
			isa = PBXGroup;
			children = (
				B54ECD8E1CE4E04300B758A2 /* FFMpegDecoder */,
				B54ECD1A1CE4E03800B758A2 /* FFMpegiOS */,
				B59CF8D51C4D254000E09221 /* AppDelegate.h */,
				B59CF8D61C4D254000E09221 /* AppDelegate.m */,
				B59CF8D81C4D254000E09221 /* ViewController.h */,
				B59CF8D91C4D254000E09221 /* ViewController.m */,
				B52635751C75672C000BAD40 /* Camera */,
				B59CF8DB1C4D254000E09221 /* Main.storyboard */,
				B59CF8E11C4D254000E09221 /* Assets.xcassets */,
				B59CF8E31C4D254000E09221 /* LaunchScreen.storyboard */,
				B59CF8E61C4D254000E09221 /* Info.plist */,
				B59D5C671CDCF78200B6661E /* Defines.h */,
				B59CF8D21C4D254000E09221 /* Supporting Files */,
			);
			path = ActionCamera;
			sourceTree = "<group>";
		};
		B59CF8D21C4D254000E09221 /* Supporting Files */ = {
			isa = PBXGroup;
			children = (
				B59CF9731C53D61A00E09221 /* Frameworks */,
				B59CF8D31C4D254000E09221 /* main.m */,
			);
			name = "Supporting Files";
			sourceTree = "<group>";
		};
		B59CF8EE1C4D254000E09221 /* ActionCameraTests */ = {
			isa = PBXGroup;
			children = (
				B59CF8EF1C4D254000E09221 /* ActionCameraTests.m */,
				B59CF8F11C4D254000E09221 /* Info.plist */,
			);
			path = ActionCameraTests;
			sourceTree = "<group>";
		};
		B59CF8F91C4D254000E09221 /* ActionCameraUITests */ = {
			isa = PBXGroup;
			children = (
				B59CF8FA1C4D254000E09221 /* ActionCameraUITests.m */,
				B59CF8FC1C4D254000E09221 /* Info.plist */,
			);
			path = ActionCameraUITests;
			sourceTree = "<group>";
		};
		B59CF9731C53D61A00E09221 /* Frameworks */ = {
			isa = PBXGroup;
			children = (
				B5C8AACD1C5F247700E2DBA8 /* CoreMedia.framework */,
				B5C8AAC21C5F221000E2DBA8 /* AVFoundation.framework */,
				B5C8AAC01C5F219A00E2DBA8 /* ImageIO.framework */,
				B5C8AABE1C5F216A00E2DBA8 /* CoreVideo.framework */,
				B59CF9581C53C5EF00E09221 /* MobileVLCKit.framework */,
				B59CF9701C53D44700E09221 /* AudioToolbox.framework */,
				B59CF96E1C53D39900E09221 /* CoreGraphics.framework */,
				B59CF96C1C53D27900E09221 /* MobileCoreServices.framework */,
				B59CF96A1C53D21000E09221 /* VideoToolbox.framework */,
				B59CF9681C53D1F000E09221 /* CoreAudio.framework */,
				B59CF9661C53D1D700E09221 /* MediaPlayer.framework */,
				B59CF9641C53D1B100E09221 /* libiconv.2.4.0.tbd */,
				B59CF9621C53D18800E09221 /* libiconv.tbd */,
				B59CF9601C53D17400E09221 /* libbz2.tbd */,
				B59CF95E1C53D15000E09221 /* libstdc++.6.0.9.tbd */,
				B59CF95C1C53D11C00E09221 /* libz.tbd */,
				B59CF95A1C53D0FB00E09221 /* libstdc++.tbd */,
			);
			name = Frameworks;
			path = ..;
			sourceTree = "<group>";
		};
		B59D5C481CDCDECA00B6661E /* Model */ = {
			isa = PBXGroup;
			children = (
				B59D5C491CDCDECA00B6661E /* ACModeObject.h */,
				B59D5C4A1CDCDECA00B6661E /* ACModeObject.m */,
				B59D5C4B1CDCDECA00B6661E /* BatteryObject.h */,
				B59D5C4C1CDCDECA00B6661E /* BatteryObject.m */,
				B59D5C4D1CDCDECA00B6661E /* SettingObject.h */,
				B59D5C4E1CDCDECA00B6661E /* SettingObject.m */,
			);
			path = Model;
			sourceTree = "<group>";
		};
		B59D5C531CDCDF2D00B6661E /* Helper */ = {
			isa = PBXGroup;
			children = (
				B59D5C5D1CDCDF6900B6661E /* NSString+Case.h */,
				B59D5C5E1CDCDF6900B6661E /* NSString+Case.m */,
				B59D5C541CDCDF2D00B6661E /* ColorHelper.h */,
				B59D5C551CDCDF2D00B6661E /* ColorHelper.m */,
				B59D5C561CDCDF2D00B6661E /* ImageHelper.h */,
				B59D5C571CDCDF2D00B6661E /* ImageHelper.m */,
				B59D5C581CDCDF2D00B6661E /* StringHelper.h */,
				B59D5C591CDCDF2D00B6661E /* StringHelper.m */,
				B59D5C611CDCE44A00B6661E /* JSONHelper.h */,
				B59D5C621CDCE44A00B6661E /* JSONHelper.m */,
				B59D5C641CDCE9C800B6661E /* SystemInfoHelper.h */,
				B59D5C651CDCE9C800B6661E /* SystemInfoHelper.m */,
			);
			path = Helper;
			sourceTree = "<group>";
		};
/* End PBXGroup section */

/* Begin PBXNativeTarget section */
		B59CF8CE1C4D254000E09221 /* ActionCamera */ = {
			isa = PBXNativeTarget;
			buildConfigurationList = B59CF8FF1C4D254000E09221 /* Build configuration list for PBXNativeTarget "ActionCamera" */;
			buildPhases = (
				FF370BE8A622D88B0ADF0BF4 /* Check Pods Manifest.lock */,
				B59CF8CB1C4D254000E09221 /* Sources */,
				B59CF8CC1C4D254000E09221 /* Frameworks */,
				B59CF8CD1C4D254000E09221 /* Resources */,
				CFB9F4F41425B3A27680509B /* Embed Pods Frameworks */,
				944BD32F825D364EEEC03170 /* Copy Pods Resources */,
			);
			buildRules = (
			);
			dependencies = (
			);
			name = ActionCamera;
			productName = ActionCamera;
			productReference = B59CF8CF1C4D254000E09221 /* ActionCamera.app */;
			productType = "com.apple.product-type.application";
		};
		B59CF8EA1C4D254000E09221 /* ActionCameraTests */ = {
			isa = PBXNativeTarget;
			buildConfigurationList = B59CF9021C4D254000E09221 /* Build configuration list for PBXNativeTarget "ActionCameraTests" */;
			buildPhases = (
				B59CF8E71C4D254000E09221 /* Sources */,
				B59CF8E81C4D254000E09221 /* Frameworks */,
				B59CF8E91C4D254000E09221 /* Resources */,
			);
			buildRules = (
			);
			dependencies = (
				B59CF8ED1C4D254000E09221 /* PBXTargetDependency */,
			);
			name = ActionCameraTests;
			productName = ActionCameraTests;
			productReference = B59CF8EB1C4D254000E09221 /* ActionCameraTests.xctest */;
			productType = "com.apple.product-type.bundle.unit-test";
		};
		B59CF8F51C4D254000E09221 /* ActionCameraUITests */ = {
			isa = PBXNativeTarget;
			buildConfigurationList = B59CF9051C4D254000E09221 /* Build configuration list for PBXNativeTarget "ActionCameraUITests" */;
			buildPhases = (
				B59CF8F21C4D254000E09221 /* Sources */,
				B59CF8F31C4D254000E09221 /* Frameworks */,
				B59CF8F41C4D254000E09221 /* Resources */,
			);
			buildRules = (
			);
			dependencies = (
				B59CF8F81C4D254000E09221 /* PBXTargetDependency */,
			);
			name = ActionCameraUITests;
			productName = ActionCameraUITests;
			productReference = B59CF8F61C4D254000E09221 /* ActionCameraUITests.xctest */;
			productType = "com.apple.product-type.bundle.ui-testing";
		};
/* End PBXNativeTarget section */

/* Begin PBXProject section */
		B59CF8C71C4D254000E09221 /* Project object */ = {
			isa = PBXProject;
			attributes = {
				LastUpgradeCheck = 0720;
				ORGANIZATIONNAME = AC;
				TargetAttributes = {
					B59CF8CE1C4D254000E09221 = {
						CreatedOnToolsVersion = 7.2;
						DevelopmentTeam = F2242D823E;
					};
					B59CF8EA1C4D254000E09221 = {
						CreatedOnToolsVersion = 7.2;
						TestTargetID = B59CF8CE1C4D254000E09221;
					};
					B59CF8F51C4D254000E09221 = {
						CreatedOnToolsVersion = 7.2;
						TestTargetID = B59CF8CE1C4D254000E09221;
					};
				};
			};
			buildConfigurationList = B59CF8CA1C4D254000E09221 /* Build configuration list for PBXProject "ActionCamera" */;
			compatibilityVersion = "Xcode 3.2";
			developmentRegion = English;
			hasScannedForEncodings = 0;
			knownRegions = (
				en,
				Base,
			);
			mainGroup = B59CF8C61C4D254000E09221;
			productRefGroup = B59CF8D01C4D254000E09221 /* Products */;
			projectDirPath = "";
			projectRoot = "";
			targets = (
				B59CF8CE1C4D254000E09221 /* ActionCamera */,
				B59CF8EA1C4D254000E09221 /* ActionCameraTests */,
				B59CF8F51C4D254000E09221 /* ActionCameraUITests */,
			);
		};
/* End PBXProject section */

/* Begin PBXResourcesBuildPhase section */
		B59CF8CD1C4D254000E09221 /* Resources */ = {
			isa = PBXResourcesBuildPhase;
			buildActionMask = 2147483647;
			files = (
				B59CF8E51C4D254000E09221 /* LaunchScreen.storyboard in Resources */,
				B59CF8E21C4D254000E09221 /* Assets.xcassets in Resources */,
				B59CF8DD1C4D254000E09221 /* Main.storyboard in Resources */,
			);
			runOnlyForDeploymentPostprocessing = 0;
		};
		B59CF8E91C4D254000E09221 /* Resources */ = {
			isa = PBXResourcesBuildPhase;
			buildActionMask = 2147483647;
			files = (
			);
			runOnlyForDeploymentPostprocessing = 0;
		};
		B59CF8F41C4D254000E09221 /* Resources */ = {
			isa = PBXResourcesBuildPhase;
			buildActionMask = 2147483647;
			files = (
			);
			runOnlyForDeploymentPostprocessing = 0;
		};
/* End PBXResourcesBuildPhase section */

/* Begin PBXShellScriptBuildPhase section */
		944BD32F825D364EEEC03170 /* Copy Pods Resources */ = {
			isa = PBXShellScriptBuildPhase;
			buildActionMask = 2147483647;
			files = (
			);
			inputPaths = (
			);
			name = "Copy Pods Resources";
			outputPaths = (
			);
			runOnlyForDeploymentPostprocessing = 0;
			shellPath = /bin/sh;
			shellScript = "\"${SRCROOT}/Pods/Target Support Files/Pods/Pods-resources.sh\"\n";
			showEnvVarsInLog = 0;
		};
		CFB9F4F41425B3A27680509B /* Embed Pods Frameworks */ = {
			isa = PBXShellScriptBuildPhase;
			buildActionMask = 2147483647;
			files = (
			);
			inputPaths = (
			);
			name = "Embed Pods Frameworks";
			outputPaths = (
			);
			runOnlyForDeploymentPostprocessing = 0;
			shellPath = /bin/sh;
			shellScript = "\"${SRCROOT}/Pods/Target Support Files/Pods/Pods-frameworks.sh\"\n";
			showEnvVarsInLog = 0;
		};
		FF370BE8A622D88B0ADF0BF4 /* Check Pods Manifest.lock */ = {
			isa = PBXShellScriptBuildPhase;
			buildActionMask = 2147483647;
			files = (
			);
			inputPaths = (
			);
			name = "Check Pods Manifest.lock";
			outputPaths = (
			);
			runOnlyForDeploymentPostprocessing = 0;
			shellPath = /bin/sh;
			shellScript = "diff \"${PODS_ROOT}/../Podfile.lock\" \"${PODS_ROOT}/Manifest.lock\" > /dev/null\nif [[ $? != 0 ]] ; then\n    cat << EOM\nerror: The sandbox is not in sync with the Podfile.lock. Run 'pod install' or update your CocoaPods installation.\nEOM\n    exit 1\nfi\n";
			showEnvVarsInLog = 0;
		};
/* End PBXShellScriptBuildPhase section */

/* Begin PBXSourcesBuildPhase section */
		B59CF8CB1C4D254000E09221 /* Sources */ = {
			isa = PBXSourcesBuildPhase;
			buildActionMask = 2147483647;
			files = (
				B59D5C5F1CDCDF6900B6661E /* NSString+Case.m in Sources */,
				B59D5C631CDCE44A00B6661E /* JSONHelper.m in Sources */,
				B52635861C75672C000BAD40 /* ACCommandService.m in Sources */,
				B59D5C5C1CDCDF2D00B6661E /* StringHelper.m in Sources */,
				B526358D1C756AD2000BAD40 /* CameraHAM.m in Sources */,
				B59D5C4F1CDCDECA00B6661E /* ACModeObject.m in Sources */,
				B54ECD971CE4E04300B758A2 /* Utilities.m in Sources */,
				B59CF8DA1C4D254000E09221 /* ViewController.m in Sources */,
				B54ECD961CE4E04300B758A2 /* RTSPPlayer.m in Sources */,
				B52635851C75672C000BAD40 /* ACCommandObject.m in Sources */,
				B59D5C501CDCDECA00B6661E /* BatteryObject.m in Sources */,
				B59D5C661CDCE9C800B6661E /* SystemInfoHelper.m in Sources */,
				B59D5C5A1CDCDF2D00B6661E /* ColorHelper.m in Sources */,
				B54ECD951CE4E04300B758A2 /* AudioStreamer.m in Sources */,
				B59D5C511CDCDECA00B6661E /* SettingObject.m in Sources */,
				B59CF8D71C4D254000E09221 /* AppDelegate.m in Sources */,
				B52635871C75672C000BAD40 /* ACSettingOptions.m in Sources */,
				B526358A1C75672C000BAD40 /* ACSocketService.m in Sources */,
				B52635881C75672C000BAD40 /* ACSettings.m in Sources */,
				B59D5C5B1CDCDF2D00B6661E /* ImageHelper.m in Sources */,
				B59CF8D41C4D254000E09221 /* main.m in Sources */,
				B52635891C75672C000BAD40 /* ACSocketObject.m in Sources */,
			);
			runOnlyForDeploymentPostprocessing = 0;
		};
		B59CF8E71C4D254000E09221 /* Sources */ = {
			isa = PBXSourcesBuildPhase;
			buildActionMask = 2147483647;
			files = (
				B59CF8F01C4D254000E09221 /* ActionCameraTests.m in Sources */,
			);
			runOnlyForDeploymentPostprocessing = 0;
		};
		B59CF8F21C4D254000E09221 /* Sources */ = {
			isa = PBXSourcesBuildPhase;
			buildActionMask = 2147483647;
			files = (
				B59CF8FB1C4D254000E09221 /* ActionCameraUITests.m in Sources */,
			);
			runOnlyForDeploymentPostprocessing = 0;
		};
/* End PBXSourcesBuildPhase section */

/* Begin PBXTargetDependency section */
		B59CF8ED1C4D254000E09221 /* PBXTargetDependency */ = {
			isa = PBXTargetDependency;
			target = B59CF8CE1C4D254000E09221 /* ActionCamera */;
			targetProxy = B59CF8EC1C4D254000E09221 /* PBXContainerItemProxy */;
		};
		B59CF8F81C4D254000E09221 /* PBXTargetDependency */ = {
			isa = PBXTargetDependency;
			target = B59CF8CE1C4D254000E09221 /* ActionCamera */;
			targetProxy = B59CF8F71C4D254000E09221 /* PBXContainerItemProxy */;
		};
/* End PBXTargetDependency section */

/* Begin PBXVariantGroup section */
		B59CF8DB1C4D254000E09221 /* Main.storyboard */ = {
			isa = PBXVariantGroup;
			children = (
				B59CF8DC1C4D254000E09221 /* Base */,
			);
			name = Main.storyboard;
			sourceTree = "<group>";
		};
		B59CF8E31C4D254000E09221 /* LaunchScreen.storyboard */ = {
			isa = PBXVariantGroup;
			children = (
				B59CF8E41C4D254000E09221 /* Base */,
			);
			name = LaunchScreen.storyboard;
			sourceTree = "<group>";
		};
/* End PBXVariantGroup section */

/* Begin XCBuildConfiguration section */
		B59CF8FD1C4D254000E09221 /* Debug */ = {
			isa = XCBuildConfiguration;
			buildSettings = {
				ALWAYS_SEARCH_USER_PATHS = NO;
				CLANG_CXX_LANGUAGE_STANDARD = "gnu++0x";
				CLANG_CXX_LIBRARY = "libc++";
				CLANG_ENABLE_MODULES = YES;
				CLANG_ENABLE_OBJC_ARC = YES;
				CLANG_WARN_BOOL_CONVERSION = YES;
				CLANG_WARN_CONSTANT_CONVERSION = YES;
				CLANG_WARN_DIRECT_OBJC_ISA_USAGE = YES_ERROR;
				CLANG_WARN_EMPTY_BODY = YES;
				CLANG_WARN_ENUM_CONVERSION = YES;
				CLANG_WARN_INT_CONVERSION = YES;
				CLANG_WARN_OBJC_ROOT_CLASS = YES_ERROR;
				CLANG_WARN_UNREACHABLE_CODE = YES;
				CLANG_WARN__DUPLICATE_METHOD_MATCH = YES;
				"CODE_SIGN_IDENTITY[sdk=iphoneos*]" = "iPhone Developer";
				COPY_PHASE_STRIP = NO;
				DEBUG_INFORMATION_FORMAT = dwarf;
				ENABLE_BITCODE = NO;
				ENABLE_STRICT_OBJC_MSGSEND = YES;
				ENABLE_TESTABILITY = YES;
				GCC_C_LANGUAGE_STANDARD = gnu99;
				GCC_DYNAMIC_NO_PIC = NO;
				GCC_NO_COMMON_BLOCKS = YES;
				GCC_OPTIMIZATION_LEVEL = 0;
				GCC_PREPROCESSOR_DEFINITIONS = (
					"DEBUG=1",
					"$(inherited)",
				);
				GCC_WARN_64_TO_32_BIT_CONVERSION = YES;
				GCC_WARN_ABOUT_RETURN_TYPE = YES_ERROR;
				GCC_WARN_UNDECLARED_SELECTOR = YES;
				GCC_WARN_UNINITIALIZED_AUTOS = YES_AGGRESSIVE;
				GCC_WARN_UNUSED_FUNCTION = YES;
				GCC_WARN_UNUSED_VARIABLE = YES;
				HEADER_SEARCH_PATHS = (
					"$(inherited)",
					"$(PROJECT_DIR)/**",
				);
				IPHONEOS_DEPLOYMENT_TARGET = 9.2;
				MTL_ENABLE_DEBUG_INFO = YES;
				ONLY_ACTIVE_ARCH = YES;
				SDKROOT = iphoneos;
				TARGETED_DEVICE_FAMILY = "1,2";
			};
			name = Debug;
		};
		B59CF8FE1C4D254000E09221 /* Release */ = {
			isa = XCBuildConfiguration;
			buildSettings = {
				ALWAYS_SEARCH_USER_PATHS = NO;
				CLANG_CXX_LANGUAGE_STANDARD = "gnu++0x";
				CLANG_CXX_LIBRARY = "libc++";
				CLANG_ENABLE_MODULES = YES;
				CLANG_ENABLE_OBJC_ARC = YES;
				CLANG_WARN_BOOL_CONVERSION = YES;
				CLANG_WARN_CONSTANT_CONVERSION = YES;
				CLANG_WARN_DIRECT_OBJC_ISA_USAGE = YES_ERROR;
				CLANG_WARN_EMPTY_BODY = YES;
				CLANG_WARN_ENUM_CONVERSION = YES;
				CLANG_WARN_INT_CONVERSION = YES;
				CLANG_WARN_OBJC_ROOT_CLASS = YES_ERROR;
				CLANG_WARN_UNREACHABLE_CODE = YES;
				CLANG_WARN__DUPLICATE_METHOD_MATCH = YES;
				"CODE_SIGN_IDENTITY[sdk=iphoneos*]" = "iPhone Developer";
				COPY_PHASE_STRIP = NO;
				DEBUG_INFORMATION_FORMAT = "dwarf-with-dsym";
				ENABLE_BITCODE = NO;
				ENABLE_NS_ASSERTIONS = NO;
				ENABLE_STRICT_OBJC_MSGSEND = YES;
				GCC_C_LANGUAGE_STANDARD = gnu99;
				GCC_NO_COMMON_BLOCKS = YES;
				GCC_WARN_64_TO_32_BIT_CONVERSION = YES;
				GCC_WARN_ABOUT_RETURN_TYPE = YES_ERROR;
				GCC_WARN_UNDECLARED_SELECTOR = YES;
				GCC_WARN_UNINITIALIZED_AUTOS = YES_AGGRESSIVE;
				GCC_WARN_UNUSED_FUNCTION = YES;
				GCC_WARN_UNUSED_VARIABLE = YES;
				HEADER_SEARCH_PATHS = (
					"$(inherited)",
					"$(PROJECT_DIR)/**",
				);
				IPHONEOS_DEPLOYMENT_TARGET = 9.2;
				MTL_ENABLE_DEBUG_INFO = NO;
				SDKROOT = iphoneos;
				TARGETED_DEVICE_FAMILY = "1,2";
				VALIDATE_PRODUCT = YES;
			};
			name = Release;
		};
		B59CF9001C4D254000E09221 /* Debug */ = {
			isa = XCBuildConfiguration;
			baseConfigurationReference = 74593FD30E19863BA4F22A0D /* Pods.debug.xcconfig */;
			buildSettings = {
				ALWAYS_SEARCH_USER_PATHS = YES;
				ASSETCATALOG_COMPILER_APPICON_NAME = AppIcon;
				CODE_SIGN_IDENTITY = "iPhone Developer";
				ENABLE_BITCODE = NO;
				FRAMEWORK_SEARCH_PATHS = (
					"$(inherited)",
					"$(PROJECT_DIR)",
				);
				HEADER_SEARCH_PATHS = (
					"$(inherited)",
					"$(PROJECT_DIR)",
				);
				INFOPLIST_FILE = ActionCamera/Info.plist;
				LD_RUNPATH_SEARCH_PATHS = "$(inherited) @executable_path/Frameworks";
				LIBRARY_SEARCH_PATHS = (
					"$(inherited)",
					"$(PROJECT_DIR)/ActionCamera/Libs/FFMpegiOS/lib",
				);
				PRODUCT_BUNDLE_IDENTIFIER = com.ActionCamera;
				PRODUCT_NAME = "$(TARGET_NAME)";
			};
			name = Debug;
		};
		B59CF9011C4D254000E09221 /* Release */ = {
			isa = XCBuildConfiguration;
			baseConfigurationReference = 8DAAB4F7934AD5CF2078A6DB /* Pods.release.xcconfig */;
			buildSettings = {
				ALWAYS_SEARCH_USER_PATHS = YES;
				ASSETCATALOG_COMPILER_APPICON_NAME = AppIcon;
				CODE_SIGN_IDENTITY = "iPhone Developer";
				ENABLE_BITCODE = NO;
				FRAMEWORK_SEARCH_PATHS = (
					"$(inherited)",
					"$(PROJECT_DIR)",
				);
				HEADER_SEARCH_PATHS = (
					"$(inherited)",
					"$(PROJECT_DIR)",
				);
				INFOPLIST_FILE = ActionCamera/Info.plist;
				LD_RUNPATH_SEARCH_PATHS = "$(inherited) @executable_path/Frameworks";
				LIBRARY_SEARCH_PATHS = (
					"$(inherited)",
					"$(PROJECT_DIR)/ActionCamera/Libs/FFMpegiOS/lib",
				);
				PRODUCT_BUNDLE_IDENTIFIER = com.ActionCamera;
				PRODUCT_NAME = "$(TARGET_NAME)";
			};
			name = Release;
		};
		B59CF9031C4D254000E09221 /* Debug */ = {
			isa = XCBuildConfiguration;
			buildSettings = {
				BUNDLE_LOADER = "$(TEST_HOST)";
				INFOPLIST_FILE = ActionCameraTests/Info.plist;
				LD_RUNPATH_SEARCH_PATHS = "$(inherited) @executable_path/Frameworks @loader_path/Frameworks";
				PRODUCT_BUNDLE_IDENTIFIER = com.ActionCameraTests;
				PRODUCT_NAME = "$(TARGET_NAME)";
				TEST_HOST = "$(BUILT_PRODUCTS_DIR)/ActionCamera.app/ActionCamera";
			};
			name = Debug;
		};
		B59CF9041C4D254000E09221 /* Release */ = {
			isa = XCBuildConfiguration;
			buildSettings = {
				BUNDLE_LOADER = "$(TEST_HOST)";
				INFOPLIST_FILE = ActionCameraTests/Info.plist;
				LD_RUNPATH_SEARCH_PATHS = "$(inherited) @executable_path/Frameworks @loader_path/Frameworks";
				PRODUCT_BUNDLE_IDENTIFIER = com.ActionCameraTests;
				PRODUCT_NAME = "$(TARGET_NAME)";
				TEST_HOST = "$(BUILT_PRODUCTS_DIR)/ActionCamera.app/ActionCamera";
			};
			name = Release;
		};
		B59CF9061C4D254000E09221 /* Debug */ = {
			isa = XCBuildConfiguration;
			buildSettings = {
				INFOPLIST_FILE = ActionCameraUITests/Info.plist;
				LD_RUNPATH_SEARCH_PATHS = "$(inherited) @executable_path/Frameworks @loader_path/Frameworks";
				PRODUCT_BUNDLE_IDENTIFIER = com.ActionCameraUITests;
				PRODUCT_NAME = "$(TARGET_NAME)";
				TEST_TARGET_NAME = ActionCamera;
				USES_XCTRUNNER = YES;
			};
			name = Debug;
		};
		B59CF9071C4D254000E09221 /* Release */ = {
			isa = XCBuildConfiguration;
			buildSettings = {
				INFOPLIST_FILE = ActionCameraUITests/Info.plist;
				LD_RUNPATH_SEARCH_PATHS = "$(inherited) @executable_path/Frameworks @loader_path/Frameworks";
				PRODUCT_BUNDLE_IDENTIFIER = com.ActionCameraUITests;
				PRODUCT_NAME = "$(TARGET_NAME)";
				TEST_TARGET_NAME = ActionCamera;
				USES_XCTRUNNER = YES;
			};
			name = Release;
		};
/* End XCBuildConfiguration section */

/* Begin XCConfigurationList section */
		B59CF8CA1C4D254000E09221 /* Build configuration list for PBXProject "ActionCamera" */ = {
			isa = XCConfigurationList;
			buildConfigurations = (
				B59CF8FD1C4D254000E09221 /* Debug */,
				B59CF8FE1C4D254000E09221 /* Release */,
			);
			defaultConfigurationIsVisible = 0;
			defaultConfigurationName = Release;
		};
		B59CF8FF1C4D254000E09221 /* Build configuration list for PBXNativeTarget "ActionCamera" */ = {
			isa = XCConfigurationList;
			buildConfigurations = (
				B59CF9001C4D254000E09221 /* Debug */,
				B59CF9011C4D254000E09221 /* Release */,
			);
			defaultConfigurationIsVisible = 0;
			defaultConfigurationName = Release;
		};
		B59CF9021C4D254000E09221 /* Build configuration list for PBXNativeTarget "ActionCameraTests" */ = {
			isa = XCConfigurationList;
			buildConfigurations = (
				B59CF9031C4D254000E09221 /* Debug */,
				B59CF9041C4D254000E09221 /* Release */,
			);
			defaultConfigurationIsVisible = 0;
			defaultConfigurationName = Release;
		};
		B59CF9051C4D254000E09221 /* Build configuration list for PBXNativeTarget "ActionCameraUITests" */ = {
			isa = XCConfigurationList;
			buildConfigurations = (
				B59CF9061C4D254000E09221 /* Debug */,
				B59CF9071C4D254000E09221 /* Release */,
			);
			defaultConfigurationIsVisible = 0;
			defaultConfigurationName = Release;
		};
/* End XCConfigurationList section */
	};
	rootObject = B59CF8C71C4D254000E09221 /* Project object */;
}
