// !$*UTF8*$!
{
	archiveVersion = 1;
	classes = {
	};
	objectVersion = 46;
	objects = {

/* Begin PBXBuildFile section */
		B59CF8D41C4D254000E09221 /* main.m in Sources */ = {isa = PBXBuildFile; fileRef = B59CF8D31C4D254000E09221 /* main.m */; };
		B59CF8D71C4D254000E09221 /* AppDelegate.m in Sources */ = {isa = PBXBuildFile; fileRef = B59CF8D61C4D254000E09221 /* AppDelegate.m */; };
		B59CF8DA1C4D254000E09221 /* ViewController.m in Sources */ = {isa = PBXBuildFile; fileRef = B59CF8D91C4D254000E09221 /* ViewController.m */; };
		B59CF8DD1C4D254000E09221 /* Main.storyboard in Resources */ = {isa = PBXBuildFile; fileRef = B59CF8DB1C4D254000E09221 /* Main.storyboard */; };
		B59CF8E21C4D254000E09221 /* Assets.xcassets in Resources */ = {isa = PBXBuildFile; fileRef = B59CF8E11C4D254000E09221 /* Assets.xcassets */; };
		B59CF8E51C4D254000E09221 /* LaunchScreen.storyboard in Resources */ = {isa = PBXBuildFile; fileRef = B59CF8E31C4D254000E09221 /* LaunchScreen.storyboard */; };
		B59CF8F01C4D254000E09221 /* ActionCameraTests.m in Sources */ = {isa = PBXBuildFile; fileRef = B59CF8EF1C4D254000E09221 /* ActionCameraTests.m */; };
		B59CF8FB1C4D254000E09221 /* ActionCameraUITests.m in Sources */ = {isa = PBXBuildFile; fileRef = B59CF8FA1C4D254000E09221 /* ActionCameraUITests.m */; };
		B59CF9171C4D271A00E09221 /* README.markdown in Sources */ = {isa = PBXBuildFile; fileRef = B59CF90A1C4D271A00E09221 /* README.markdown */; };
		B59CF9181C4D271A00E09221 /* GCDAsyncSocket.m in Sources */ = {isa = PBXBuildFile; fileRef = B59CF90F1C4D271A00E09221 /* GCDAsyncSocket.m */; };
		B59CF9191C4D271A00E09221 /* GCDAsyncUdpSocket.m in Sources */ = {isa = PBXBuildFile; fileRef = B59CF9111C4D271A00E09221 /* GCDAsyncUdpSocket.m */; };
		B59CF91A1C4D271A00E09221 /* AsyncSocket.m in Sources */ = {isa = PBXBuildFile; fileRef = B59CF9141C4D271A00E09221 /* AsyncSocket.m */; };
		B59CF91B1C4D271A00E09221 /* AsyncUdpSocket.m in Sources */ = {isa = PBXBuildFile; fileRef = B59CF9161C4D271A00E09221 /* AsyncUdpSocket.m */; };
		B59CF91E1C4D277300E09221 /* ACSocketService.m in Sources */ = {isa = PBXBuildFile; fileRef = B59CF91D1C4D277300E09221 /* ACSocketService.m */; };
		B59CF9211C4D344000E09221 /* ACSocketObject.m in Sources */ = {isa = PBXBuildFile; fileRef = B59CF9201C4D344000E09221 /* ACSocketObject.m */; };
		B59CF9241C4D3D1400E09221 /* ACCommandService.m in Sources */ = {isa = PBXBuildFile; fileRef = B59CF9231C4D3D1400E09221 /* ACCommandService.m */; };
		B59CF9561C513A1000E09221 /* NSObject+YYModel.m in Sources */ = {isa = PBXBuildFile; fileRef = B59CF9531C513A1000E09221 /* NSObject+YYModel.m */; };
		B59CF9571C513A1000E09221 /* YYClassInfo.m in Sources */ = {isa = PBXBuildFile; fileRef = B59CF9551C513A1000E09221 /* YYClassInfo.m */; };
		B59CF9591C53C5EF00E09221 /* MobileVLCKit.framework in Frameworks */ = {isa = PBXBuildFile; fileRef = B59CF9581C53C5EF00E09221 /* MobileVLCKit.framework */; };
		B59CF9611C53D17400E09221 /* libbz2.tbd in Frameworks */ = {isa = PBXBuildFile; fileRef = B59CF9601C53D17400E09221 /* libbz2.tbd */; };
		B59CF9631C53D18800E09221 /* libiconv.tbd in Frameworks */ = {isa = PBXBuildFile; fileRef = B59CF9621C53D18800E09221 /* libiconv.tbd */; };
		B59CF9711C53D44700E09221 /* AudioToolbox.framework in Frameworks */ = {isa = PBXBuildFile; fileRef = B59CF9701C53D44700E09221 /* AudioToolbox.framework */; };
		B59CF9721C53D49C00E09221 /* libstdc++.6.0.9.tbd in Frameworks */ = {isa = PBXBuildFile; fileRef = B59CF95E1C53D15000E09221 /* libstdc++.6.0.9.tbd */; };
		E4FE93DD1C4F469000B8372F /* ACSettings.m in Sources */ = {isa = PBXBuildFile; fileRef = E4FE93DC1C4F469000B8372F /* ACSettings.m */; };
		E4FE93E01C4F497600B8372F /* ACSettingOptions.m in Sources */ = {isa = PBXBuildFile; fileRef = E4FE93DF1C4F497600B8372F /* ACSettingOptions.m */; };
/* End PBXBuildFile section */

/* Begin PBXContainerItemProxy section */
		B59CF8EC1C4D254000E09221 /* PBXContainerItemProxy */ = {
			isa = PBXContainerItemProxy;
			containerPortal = B59CF8C71C4D254000E09221 /* Project object */;
			proxyType = 1;
			remoteGlobalIDString = B59CF8CE1C4D254000E09221;
			remoteInfo = ActionCamera;
		};
		B59CF8F71C4D254000E09221 /* PBXContainerItemProxy */ = {
			isa = PBXContainerItemProxy;
			containerPortal = B59CF8C71C4D254000E09221 /* Project object */;
			proxyType = 1;
			remoteGlobalIDString = B59CF8CE1C4D254000E09221;
			remoteInfo = ActionCamera;
		};
/* End PBXContainerItemProxy section */

/* Begin PBXFileReference section */
		B59CF8CF1C4D254000E09221 /* ActionCamera.app */ = {isa = PBXFileReference; explicitFileType = wrapper.application; includeInIndex = 0; path = ActionCamera.app; sourceTree = BUILT_PRODUCTS_DIR; };
		B59CF8D31C4D254000E09221 /* main.m */ = {isa = PBXFileReference; lastKnownFileType = sourcecode.c.objc; path = main.m; sourceTree = "<group>"; };
		B59CF8D51C4D254000E09221 /* AppDelegate.h */ = {isa = PBXFileReference; lastKnownFileType = sourcecode.c.h; path = AppDelegate.h; sourceTree = "<group>"; };
		B59CF8D61C4D254000E09221 /* AppDelegate.m */ = {isa = PBXFileReference; lastKnownFileType = sourcecode.c.objc; path = AppDelegate.m; sourceTree = "<group>"; };
		B59CF8D81C4D254000E09221 /* ViewController.h */ = {isa = PBXFileReference; lastKnownFileType = sourcecode.c.h; path = ViewController.h; sourceTree = "<group>"; };
		B59CF8D91C4D254000E09221 /* ViewController.m */ = {isa = PBXFileReference; lastKnownFileType = sourcecode.c.objc; path = ViewController.m; sourceTree = "<group>"; };
		B59CF8DC1C4D254000E09221 /* Base */ = {isa = PBXFileReference; lastKnownFileType = file.storyboard; name = Base; path = Base.lproj/Main.storyboard; sourceTree = "<group>"; };
		B59CF8E11C4D254000E09221 /* Assets.xcassets */ = {isa = PBXFileReference; lastKnownFileType = folder.assetcatalog; path = Assets.xcassets; sourceTree = "<group>"; };
		B59CF8E41C4D254000E09221 /* Base */ = {isa = PBXFileReference; lastKnownFileType = file.storyboard; name = Base; path = Base.lproj/LaunchScreen.storyboard; sourceTree = "<group>"; };
		B59CF8E61C4D254000E09221 /* Info.plist */ = {isa = PBXFileReference; lastKnownFileType = text.plist.xml; path = Info.plist; sourceTree = "<group>"; };
		B59CF8EB1C4D254000E09221 /* ActionCameraTests.xctest */ = {isa = PBXFileReference; explicitFileType = wrapper.cfbundle; includeInIndex = 0; path = ActionCameraTests.xctest; sourceTree = BUILT_PRODUCTS_DIR; };
		B59CF8EF1C4D254000E09221 /* ActionCameraTests.m */ = {isa = PBXFileReference; lastKnownFileType = sourcecode.c.objc; path = ActionCameraTests.m; sourceTree = "<group>"; };
		B59CF8F11C4D254000E09221 /* Info.plist */ = {isa = PBXFileReference; lastKnownFileType = text.plist.xml; path = Info.plist; sourceTree = "<group>"; };
		B59CF8F61C4D254000E09221 /* ActionCameraUITests.xctest */ = {isa = PBXFileReference; explicitFileType = wrapper.cfbundle; includeInIndex = 0; path = ActionCameraUITests.xctest; sourceTree = BUILT_PRODUCTS_DIR; };
		B59CF8FA1C4D254000E09221 /* ActionCameraUITests.m */ = {isa = PBXFileReference; lastKnownFileType = sourcecode.c.objc; path = ActionCameraUITests.m; sourceTree = "<group>"; };
		B59CF8FC1C4D254000E09221 /* Info.plist */ = {isa = PBXFileReference; lastKnownFileType = text.plist.xml; path = Info.plist; sourceTree = "<group>"; };
		B59CF90A1C4D271A00E09221 /* README.markdown */ = {isa = PBXFileReference; fileEncoding = 4; lastKnownFileType = net.daringfireball.markdown; path = README.markdown; sourceTree = "<group>"; };
		B59CF90C1C4D271A00E09221 /* CocoaAsyncSocket.h */ = {isa = PBXFileReference; fileEncoding = 4; lastKnownFileType = sourcecode.c.h; path = CocoaAsyncSocket.h; sourceTree = "<group>"; };
		B59CF90E1C4D271A00E09221 /* GCDAsyncSocket.h */ = {isa = PBXFileReference; fileEncoding = 4; lastKnownFileType = sourcecode.c.h; path = GCDAsyncSocket.h; sourceTree = "<group>"; };
		B59CF90F1C4D271A00E09221 /* GCDAsyncSocket.m */ = {isa = PBXFileReference; fileEncoding = 4; lastKnownFileType = sourcecode.c.objc; path = GCDAsyncSocket.m; sourceTree = "<group>"; };
		B59CF9101C4D271A00E09221 /* GCDAsyncUdpSocket.h */ = {isa = PBXFileReference; fileEncoding = 4; lastKnownFileType = sourcecode.c.h; path = GCDAsyncUdpSocket.h; sourceTree = "<group>"; };
		B59CF9111C4D271A00E09221 /* GCDAsyncUdpSocket.m */ = {isa = PBXFileReference; fileEncoding = 4; lastKnownFileType = sourcecode.c.objc; path = GCDAsyncUdpSocket.m; sourceTree = "<group>"; };
		B59CF9131C4D271A00E09221 /* AsyncSocket.h */ = {isa = PBXFileReference; fileEncoding = 4; lastKnownFileType = sourcecode.c.h; path = AsyncSocket.h; sourceTree = "<group>"; };
		B59CF9141C4D271A00E09221 /* AsyncSocket.m */ = {isa = PBXFileReference; fileEncoding = 4; lastKnownFileType = sourcecode.c.objc; path = AsyncSocket.m; sourceTree = "<group>"; };
		B59CF9151C4D271A00E09221 /* AsyncUdpSocket.h */ = {isa = PBXFileReference; fileEncoding = 4; lastKnownFileType = sourcecode.c.h; path = AsyncUdpSocket.h; sourceTree = "<group>"; };
		B59CF9161C4D271A00E09221 /* AsyncUdpSocket.m */ = {isa = PBXFileReference; fileEncoding = 4; lastKnownFileType = sourcecode.c.objc; path = AsyncUdpSocket.m; sourceTree = "<group>"; };
		B59CF91C1C4D277300E09221 /* ACSocketService.h */ = {isa = PBXFileReference; fileEncoding = 4; lastKnownFileType = sourcecode.c.h; path = ACSocketService.h; sourceTree = "<group>"; };
		B59CF91D1C4D277300E09221 /* ACSocketService.m */ = {isa = PBXFileReference; fileEncoding = 4; lastKnownFileType = sourcecode.c.objc; path = ACSocketService.m; sourceTree = "<group>"; };
		B59CF91F1C4D344000E09221 /* ACSocketObject.h */ = {isa = PBXFileReference; fileEncoding = 4; lastKnownFileType = sourcecode.c.h; path = ACSocketObject.h; sourceTree = "<group>"; };
		B59CF9201C4D344000E09221 /* ACSocketObject.m */ = {isa = PBXFileReference; fileEncoding = 4; lastKnownFileType = sourcecode.c.objc; path = ACSocketObject.m; sourceTree = "<group>"; };
		B59CF9221C4D3D1400E09221 /* ACCommandService.h */ = {isa = PBXFileReference; fileEncoding = 4; lastKnownFileType = sourcecode.c.h; path = ACCommandService.h; sourceTree = "<group>"; };
		B59CF9231C4D3D1400E09221 /* ACCommandService.m */ = {isa = PBXFileReference; fileEncoding = 4; lastKnownFileType = sourcecode.c.objc; path = ACCommandService.m; sourceTree = "<group>"; };
		B59CF9521C513A1000E09221 /* NSObject+YYModel.h */ = {isa = PBXFileReference; fileEncoding = 4; lastKnownFileType = sourcecode.c.h; path = "NSObject+YYModel.h"; sourceTree = "<group>"; };
		B59CF9531C513A1000E09221 /* NSObject+YYModel.m */ = {isa = PBXFileReference; fileEncoding = 4; lastKnownFileType = sourcecode.c.objc; path = "NSObject+YYModel.m"; sourceTree = "<group>"; };
		B59CF9541C513A1000E09221 /* YYClassInfo.h */ = {isa = PBXFileReference; fileEncoding = 4; lastKnownFileType = sourcecode.c.h; path = YYClassInfo.h; sourceTree = "<group>"; };
		B59CF9551C513A1000E09221 /* YYClassInfo.m */ = {isa = PBXFileReference; fileEncoding = 4; lastKnownFileType = sourcecode.c.objc; path = YYClassInfo.m; sourceTree = "<group>"; };
		B59CF9581C53C5EF00E09221 /* MobileVLCKit.framework */ = {isa = PBXFileReference; lastKnownFileType = wrapper.framework; path = MobileVLCKit.framework; sourceTree = "<group>"; };
		B59CF95A1C53D0FB00E09221 /* libstdc++.tbd */ = {isa = PBXFileReference; lastKnownFileType = "sourcecode.text-based-dylib-definition"; name = "libstdc++.tbd"; path = "usr/lib/libstdc++.tbd"; sourceTree = SDKROOT; };
		B59CF95C1C53D11C00E09221 /* libz.tbd */ = {isa = PBXFileReference; lastKnownFileType = "sourcecode.text-based-dylib-definition"; name = libz.tbd; path = usr/lib/libz.tbd; sourceTree = SDKROOT; };
		B59CF95E1C53D15000E09221 /* libstdc++.6.0.9.tbd */ = {isa = PBXFileReference; lastKnownFileType = "sourcecode.text-based-dylib-definition"; name = "libstdc++.6.0.9.tbd"; path = "usr/lib/libstdc++.6.0.9.tbd"; sourceTree = SDKROOT; };
		B59CF9601C53D17400E09221 /* libbz2.tbd */ = {isa = PBXFileReference; lastKnownFileType = "sourcecode.text-based-dylib-definition"; name = libbz2.tbd; path = usr/lib/libbz2.tbd; sourceTree = SDKROOT; };
		B59CF9621C53D18800E09221 /* libiconv.tbd */ = {isa = PBXFileReference; lastKnownFileType = "sourcecode.text-based-dylib-definition"; name = libiconv.tbd; path = usr/lib/libiconv.tbd; sourceTree = SDKROOT; };
		B59CF9641C53D1B100E09221 /* libiconv.2.4.0.tbd */ = {isa = PBXFileReference; lastKnownFileType = "sourcecode.text-based-dylib-definition"; name = libiconv.2.4.0.tbd; path = usr/lib/libiconv.2.4.0.tbd; sourceTree = SDKROOT; };
		B59CF9661C53D1D700E09221 /* MediaPlayer.framework */ = {isa = PBXFileReference; lastKnownFileType = wrapper.framework; name = MediaPlayer.framework; path = System/Library/Frameworks/MediaPlayer.framework; sourceTree = SDKROOT; };
		B59CF9681C53D1F000E09221 /* CoreAudio.framework */ = {isa = PBXFileReference; lastKnownFileType = wrapper.framework; name = CoreAudio.framework; path = System/Library/Frameworks/CoreAudio.framework; sourceTree = SDKROOT; };
		B59CF96A1C53D21000E09221 /* VideoToolbox.framework */ = {isa = PBXFileReference; lastKnownFileType = wrapper.framework; name = VideoToolbox.framework; path = System/Library/Frameworks/VideoToolbox.framework; sourceTree = SDKROOT; };
		B59CF96C1C53D27900E09221 /* MobileCoreServices.framework */ = {isa = PBXFileReference; lastKnownFileType = wrapper.framework; name = MobileCoreServices.framework; path = System/Library/Frameworks/MobileCoreServices.framework; sourceTree = SDKROOT; };
		B59CF96E1C53D39900E09221 /* CoreGraphics.framework */ = {isa = PBXFileReference; lastKnownFileType = wrapper.framework; name = CoreGraphics.framework; path = System/Library/Frameworks/CoreGraphics.framework; sourceTree = SDKROOT; };
		B59CF9701C53D44700E09221 /* AudioToolbox.framework */ = {isa = PBXFileReference; lastKnownFileType = wrapper.framework; name = AudioToolbox.framework; path = System/Library/Frameworks/AudioToolbox.framework; sourceTree = SDKROOT; };
		E4FE93DA1C4F231E00B8372F /* ACDefines.h */ = {isa = PBXFileReference; lastKnownFileType = sourcecode.c.h; path = ACDefines.h; sourceTree = "<group>"; };
		E4FE93DB1C4F469000B8372F /* ACSettings.h */ = {isa = PBXFileReference; fileEncoding = 4; lastKnownFileType = sourcecode.c.h; path = ACSettings.h; sourceTree = "<group>"; };
		E4FE93DC1C4F469000B8372F /* ACSettings.m */ = {isa = PBXFileReference; fileEncoding = 4; lastKnownFileType = sourcecode.c.objc; path = ACSettings.m; sourceTree = "<group>"; };
		E4FE93DE1C4F497600B8372F /* ACSettingOptions.h */ = {isa = PBXFileReference; fileEncoding = 4; lastKnownFileType = sourcecode.c.h; path = ACSettingOptions.h; sourceTree = "<group>"; };
		E4FE93DF1C4F497600B8372F /* ACSettingOptions.m */ = {isa = PBXFileReference; fileEncoding = 4; lastKnownFileType = sourcecode.c.objc; path = ACSettingOptions.m; sourceTree = "<group>"; };
/* End PBXFileReference section */

/* Begin PBXFrameworksBuildPhase section */
		B59CF8CC1C4D254000E09221 /* Frameworks */ = {
			isa = PBXFrameworksBuildPhase;
			buildActionMask = 2147483647;
			files = (
				B59CF9721C53D49C00E09221 /* libstdc++.6.0.9.tbd in Frameworks */,
				B59CF9711C53D44700E09221 /* AudioToolbox.framework in Frameworks */,
				B59CF9631C53D18800E09221 /* libiconv.tbd in Frameworks */,
				B59CF9611C53D17400E09221 /* libbz2.tbd in Frameworks */,
				B59CF9591C53C5EF00E09221 /* MobileVLCKit.framework in Frameworks */,
			);
			runOnlyForDeploymentPostprocessing = 0;
		};
		B59CF8E81C4D254000E09221 /* Frameworks */ = {
			isa = PBXFrameworksBuildPhase;
			buildActionMask = 2147483647;
			files = (
			);
			runOnlyForDeploymentPostprocessing = 0;
		};
		B59CF8F31C4D254000E09221 /* Frameworks */ = {
			isa = PBXFrameworksBuildPhase;
			buildActionMask = 2147483647;
			files = (
			);
			runOnlyForDeploymentPostprocessing = 0;
		};
/* End PBXFrameworksBuildPhase section */

/* Begin PBXGroup section */
		B59CF8C61C4D254000E09221 = {
			isa = PBXGroup;
			children = (
				B59CF8D11C4D254000E09221 /* ActionCamera */,
				B59CF8EE1C4D254000E09221 /* ActionCameraTests */,
				B59CF8F91C4D254000E09221 /* ActionCameraUITests */,
				B59CF8D01C4D254000E09221 /* Products */,
			);
			sourceTree = "<group>";
		};
		B59CF8D01C4D254000E09221 /* Products */ = {
			isa = PBXGroup;
			children = (
				B59CF8CF1C4D254000E09221 /* ActionCamera.app */,
				B59CF8EB1C4D254000E09221 /* ActionCameraTests.xctest */,
				B59CF8F61C4D254000E09221 /* ActionCameraUITests.xctest */,
			);
			name = Products;
			sourceTree = "<group>";
		};
		B59CF8D11C4D254000E09221 /* ActionCamera */ = {
			isa = PBXGroup;
			children = (
				E4FE93DA1C4F231E00B8372F /* ACDefines.h */,
				B59CF8D51C4D254000E09221 /* AppDelegate.h */,
				B59CF8D61C4D254000E09221 /* AppDelegate.m */,
				B59CF8D81C4D254000E09221 /* ViewController.h */,
				B59CF8D91C4D254000E09221 /* ViewController.m */,
				B59CF91C1C4D277300E09221 /* ACSocketService.h */,
				B59CF91D1C4D277300E09221 /* ACSocketService.m */,
				B59CF91F1C4D344000E09221 /* ACSocketObject.h */,
				B59CF9201C4D344000E09221 /* ACSocketObject.m */,
				B59CF9221C4D3D1400E09221 /* ACCommandService.h */,
				B59CF9231C4D3D1400E09221 /* ACCommandService.m */,
				E4FE93DB1C4F469000B8372F /* ACSettings.h */,
				E4FE93DC1C4F469000B8372F /* ACSettings.m */,
				E4FE93DE1C4F497600B8372F /* ACSettingOptions.h */,
				E4FE93DF1C4F497600B8372F /* ACSettingOptions.m */,
				B59CF8DB1C4D254000E09221 /* Main.storyboard */,
				B59CF8E11C4D254000E09221 /* Assets.xcassets */,
				B59CF8E31C4D254000E09221 /* LaunchScreen.storyboard */,
				B59CF8E61C4D254000E09221 /* Info.plist */,
				B59CF9081C4D271A00E09221 /* Libs */,
				B59CF8D21C4D254000E09221 /* Supporting Files */,
			);
			path = ActionCamera;
			sourceTree = "<group>";
		};
		B59CF8D21C4D254000E09221 /* Supporting Files */ = {
			isa = PBXGroup;
			children = (
				B59CF9731C53D61A00E09221 /* Frameworks */,
				B59CF8D31C4D254000E09221 /* main.m */,
			);
			name = "Supporting Files";
			sourceTree = "<group>";
		};
		B59CF8EE1C4D254000E09221 /* ActionCameraTests */ = {
			isa = PBXGroup;
			children = (
				B59CF8EF1C4D254000E09221 /* ActionCameraTests.m */,
				B59CF8F11C4D254000E09221 /* Info.plist */,
			);
			path = ActionCameraTests;
			sourceTree = "<group>";
		};
		B59CF8F91C4D254000E09221 /* ActionCameraUITests */ = {
			isa = PBXGroup;
			children = (
				B59CF8FA1C4D254000E09221 /* ActionCameraUITests.m */,
				B59CF8FC1C4D254000E09221 /* Info.plist */,
			);
			path = ActionCameraUITests;
			sourceTree = "<group>";
		};
		B59CF9081C4D271A00E09221 /* Libs */ = {
			isa = PBXGroup;
			children = (
				B59CF9511C513A1000E09221 /* Model */,
				B59CF9091C4D271A00E09221 /* CocoaAsyncSocket */,
			);
			path = Libs;
			sourceTree = "<group>";
		};
		B59CF9091C4D271A00E09221 /* CocoaAsyncSocket */ = {
			isa = PBXGroup;
			children = (
				B59CF90A1C4D271A00E09221 /* README.markdown */,
				B59CF90B1C4D271A00E09221 /* Source */,
			);
			path = CocoaAsyncSocket;
			sourceTree = "<group>";
		};
		B59CF90B1C4D271A00E09221 /* Source */ = {
			isa = PBXGroup;
			children = (
				B59CF90C1C4D271A00E09221 /* CocoaAsyncSocket.h */,
				B59CF90D1C4D271A00E09221 /* GCD */,
				B59CF9121C4D271A00E09221 /* RunLoop */,
			);
			path = Source;
			sourceTree = "<group>";
		};
		B59CF90D1C4D271A00E09221 /* GCD */ = {
			isa = PBXGroup;
			children = (
				B59CF90E1C4D271A00E09221 /* GCDAsyncSocket.h */,
				B59CF90F1C4D271A00E09221 /* GCDAsyncSocket.m */,
				B59CF9101C4D271A00E09221 /* GCDAsyncUdpSocket.h */,
				B59CF9111C4D271A00E09221 /* GCDAsyncUdpSocket.m */,
			);
			path = GCD;
			sourceTree = "<group>";
		};
		B59CF9121C4D271A00E09221 /* RunLoop */ = {
			isa = PBXGroup;
			children = (
				B59CF9131C4D271A00E09221 /* AsyncSocket.h */,
				B59CF9141C4D271A00E09221 /* AsyncSocket.m */,
				B59CF9151C4D271A00E09221 /* AsyncUdpSocket.h */,
				B59CF9161C4D271A00E09221 /* AsyncUdpSocket.m */,
			);
			path = RunLoop;
			sourceTree = "<group>";
		};
		B59CF9511C513A1000E09221 /* Model */ = {
			isa = PBXGroup;
			children = (
				B59CF9521C513A1000E09221 /* NSObject+YYModel.h */,
				B59CF9531C513A1000E09221 /* NSObject+YYModel.m */,
				B59CF9541C513A1000E09221 /* YYClassInfo.h */,
				B59CF9551C513A1000E09221 /* YYClassInfo.m */,
			);
			name = Model;
			path = ../Model;
			sourceTree = "<group>";
		};
		B59CF9731C53D61A00E09221 /* Frameworks */ = {
			isa = PBXGroup;
			children = (
				B59CF9581C53C5EF00E09221 /* MobileVLCKit.framework */,
				B59CF9701C53D44700E09221 /* AudioToolbox.framework */,
				B59CF96E1C53D39900E09221 /* CoreGraphics.framework */,
				B59CF96C1C53D27900E09221 /* MobileCoreServices.framework */,
				B59CF96A1C53D21000E09221 /* VideoToolbox.framework */,
				B59CF9681C53D1F000E09221 /* CoreAudio.framework */,
				B59CF9661C53D1D700E09221 /* MediaPlayer.framework */,
				B59CF9641C53D1B100E09221 /* libiconv.2.4.0.tbd */,
				B59CF9621C53D18800E09221 /* libiconv.tbd */,
				B59CF9601C53D17400E09221 /* libbz2.tbd */,
				B59CF95E1C53D15000E09221 /* libstdc++.6.0.9.tbd */,
				B59CF95C1C53D11C00E09221 /* libz.tbd */,
				B59CF95A1C53D0FB00E09221 /* libstdc++.tbd */,
			);
			name = Frameworks;
			path = ..;
			sourceTree = "<group>";
		};
/* End PBXGroup section */

/* Begin PBXNativeTarget section */
		B59CF8CE1C4D254000E09221 /* ActionCamera */ = {
			isa = PBXNativeTarget;
			buildConfigurationList = B59CF8FF1C4D254000E09221 /* Build configuration list for PBXNativeTarget "ActionCamera" */;
			buildPhases = (
				B59CF8CB1C4D254000E09221 /* Sources */,
				B59CF8CC1C4D254000E09221 /* Frameworks */,
				B59CF8CD1C4D254000E09221 /* Resources */,
			);
			buildRules = (
			);
			dependencies = (
			);
			name = ActionCamera;
			productName = ActionCamera;
			productReference = B59CF8CF1C4D254000E09221 /* ActionCamera.app */;
			productType = "com.apple.product-type.application";
		};
		B59CF8EA1C4D254000E09221 /* ActionCameraTests */ = {
			isa = PBXNativeTarget;
			buildConfigurationList = B59CF9021C4D254000E09221 /* Build configuration list for PBXNativeTarget "ActionCameraTests" */;
			buildPhases = (
				B59CF8E71C4D254000E09221 /* Sources */,
				B59CF8E81C4D254000E09221 /* Frameworks */,
				B59CF8E91C4D254000E09221 /* Resources */,
			);
			buildRules = (
			);
			dependencies = (
				B59CF8ED1C4D254000E09221 /* PBXTargetDependency */,
			);
			name = ActionCameraTests;
			productName = ActionCameraTests;
			productReference = B59CF8EB1C4D254000E09221 /* ActionCameraTests.xctest */;
			productType = "com.apple.product-type.bundle.unit-test";
		};
		B59CF8F51C4D254000E09221 /* ActionCameraUITests */ = {
			isa = PBXNativeTarget;
			buildConfigurationList = B59CF9051C4D254000E09221 /* Build configuration list for PBXNativeTarget "ActionCameraUITests" */;
			buildPhases = (
				B59CF8F21C4D254000E09221 /* Sources */,
				B59CF8F31C4D254000E09221 /* Frameworks */,
				B59CF8F41C4D254000E09221 /* Resources */,
			);
			buildRules = (
			);
			dependencies = (
				B59CF8F81C4D254000E09221 /* PBXTargetDependency */,
			);
			name = ActionCameraUITests;
			productName = ActionCameraUITests;
			productReference = B59CF8F61C4D254000E09221 /* ActionCameraUITests.xctest */;
			productType = "com.apple.product-type.bundle.ui-testing";
		};
/* End PBXNativeTarget section */

/* Begin PBXProject section */
		B59CF8C71C4D254000E09221 /* Project object */ = {
			isa = PBXProject;
			attributes = {
				LastUpgradeCheck = 0720;
				ORGANIZATIONNAME = AC;
				TargetAttributes = {
					B59CF8CE1C4D254000E09221 = {
						CreatedOnToolsVersion = 7.2;
						DevelopmentTeam = F2242D823E;
					};
					B59CF8EA1C4D254000E09221 = {
						CreatedOnToolsVersion = 7.2;
						TestTargetID = B59CF8CE1C4D254000E09221;
					};
					B59CF8F51C4D254000E09221 = {
						CreatedOnToolsVersion = 7.2;
						TestTargetID = B59CF8CE1C4D254000E09221;
					};
				};
			};
			buildConfigurationList = B59CF8CA1C4D254000E09221 /* Build configuration list for PBXProject "ActionCamera" */;
			compatibilityVersion = "Xcode 3.2";
			developmentRegion = English;
			hasScannedForEncodings = 0;
			knownRegions = (
				en,
				Base,
			);
			mainGroup = B59CF8C61C4D254000E09221;
			productRefGroup = B59CF8D01C4D254000E09221 /* Products */;
			projectDirPath = "";
			projectRoot = "";
			targets = (
				B59CF8CE1C4D254000E09221 /* ActionCamera */,
				B59CF8EA1C4D254000E09221 /* ActionCameraTests */,
				B59CF8F51C4D254000E09221 /* ActionCameraUITests */,
			);
		};
/* End PBXProject section */

/* Begin PBXResourcesBuildPhase section */
		B59CF8CD1C4D254000E09221 /* Resources */ = {
			isa = PBXResourcesBuildPhase;
			buildActionMask = 2147483647;
			files = (
				B59CF8E51C4D254000E09221 /* LaunchScreen.storyboard in Resources */,
				B59CF8E21C4D254000E09221 /* Assets.xcassets in Resources */,
				B59CF8DD1C4D254000E09221 /* Main.storyboard in Resources */,
			);
			runOnlyForDeploymentPostprocessing = 0;
		};
		B59CF8E91C4D254000E09221 /* Resources */ = {
			isa = PBXResourcesBuildPhase;
			buildActionMask = 2147483647;
			files = (
			);
			runOnlyForDeploymentPostprocessing = 0;
		};
		B59CF8F41C4D254000E09221 /* Resources */ = {
			isa = PBXResourcesBuildPhase;
			buildActionMask = 2147483647;
			files = (
			);
			runOnlyForDeploymentPostprocessing = 0;
		};
/* End PBXResourcesBuildPhase section */

/* Begin PBXSourcesBuildPhase section */
		B59CF8CB1C4D254000E09221 /* Sources */ = {
			isa = PBXSourcesBuildPhase;
			buildActionMask = 2147483647;
			files = (
				B59CF91E1C4D277300E09221 /* ACSocketService.m in Sources */,
				B59CF9241C4D3D1400E09221 /* ACCommandService.m in Sources */,
				B59CF9181C4D271A00E09221 /* GCDAsyncSocket.m in Sources */,
				B59CF9171C4D271A00E09221 /* README.markdown in Sources */,
				B59CF91B1C4D271A00E09221 /* AsyncUdpSocket.m in Sources */,
				B59CF9211C4D344000E09221 /* ACSocketObject.m in Sources */,
				B59CF8DA1C4D254000E09221 /* ViewController.m in Sources */,
				B59CF9191C4D271A00E09221 /* GCDAsyncUdpSocket.m in Sources */,
				E4FE93E01C4F497600B8372F /* ACSettingOptions.m in Sources */,
				B59CF9561C513A1000E09221 /* NSObject+YYModel.m in Sources */,
				B59CF8D71C4D254000E09221 /* AppDelegate.m in Sources */,
				B59CF8D41C4D254000E09221 /* main.m in Sources */,
				E4FE93DD1C4F469000B8372F /* ACSettings.m in Sources */,
				B59CF9571C513A1000E09221 /* YYClassInfo.m in Sources */,
				B59CF91A1C4D271A00E09221 /* AsyncSocket.m in Sources */,
			);
			runOnlyForDeploymentPostprocessing = 0;
		};
		B59CF8E71C4D254000E09221 /* Sources */ = {
			isa = PBXSourcesBuildPhase;
			buildActionMask = 2147483647;
			files = (
				B59CF8F01C4D254000E09221 /* ActionCameraTests.m in Sources */,
			);
			runOnlyForDeploymentPostprocessing = 0;
		};
		B59CF8F21C4D254000E09221 /* Sources */ = {
			isa = PBXSourcesBuildPhase;
			buildActionMask = 2147483647;
			files = (
				B59CF8FB1C4D254000E09221 /* ActionCameraUITests.m in Sources */,
			);
			runOnlyForDeploymentPostprocessing = 0;
		};
/* End PBXSourcesBuildPhase section */

/* Begin PBXTargetDependency section */
		B59CF8ED1C4D254000E09221 /* PBXTargetDependency */ = {
			isa = PBXTargetDependency;
			target = B59CF8CE1C4D254000E09221 /* ActionCamera */;
			targetProxy = B59CF8EC1C4D254000E09221 /* PBXContainerItemProxy */;
		};
		B59CF8F81C4D254000E09221 /* PBXTargetDependency */ = {
			isa = PBXTargetDependency;
			target = B59CF8CE1C4D254000E09221 /* ActionCamera */;
			targetProxy = B59CF8F71C4D254000E09221 /* PBXContainerItemProxy */;
		};
/* End PBXTargetDependency section */

/* Begin PBXVariantGroup section */
		B59CF8DB1C4D254000E09221 /* Main.storyboard */ = {
			isa = PBXVariantGroup;
			children = (
				B59CF8DC1C4D254000E09221 /* Base */,
			);
			name = Main.storyboard;
			sourceTree = "<group>";
		};
		B59CF8E31C4D254000E09221 /* LaunchScreen.storyboard */ = {
			isa = PBXVariantGroup;
			children = (
				B59CF8E41C4D254000E09221 /* Base */,
			);
			name = LaunchScreen.storyboard;
			sourceTree = "<group>";
		};
/* End PBXVariantGroup section */

/* Begin XCBuildConfiguration section */
		B59CF8FD1C4D254000E09221 /* Debug */ = {
			isa = XCBuildConfiguration;
			buildSettings = {
				ALWAYS_SEARCH_USER_PATHS = NO;
				CLANG_CXX_LANGUAGE_STANDARD = "gnu++0x";
				CLANG_CXX_LIBRARY = "libc++";
				CLANG_ENABLE_MODULES = YES;
				CLANG_ENABLE_OBJC_ARC = YES;
				CLANG_WARN_BOOL_CONVERSION = YES;
				CLANG_WARN_CONSTANT_CONVERSION = YES;
				CLANG_WARN_DIRECT_OBJC_ISA_USAGE = YES_ERROR;
				CLANG_WARN_EMPTY_BODY = YES;
				CLANG_WARN_ENUM_CONVERSION = YES;
				CLANG_WARN_INT_CONVERSION = YES;
				CLANG_WARN_OBJC_ROOT_CLASS = YES_ERROR;
				CLANG_WARN_UNREACHABLE_CODE = YES;
				CLANG_WARN__DUPLICATE_METHOD_MATCH = YES;
				"CODE_SIGN_IDENTITY[sdk=iphoneos*]" = "iPhone Developer";
				COPY_PHASE_STRIP = NO;
				DEBUG_INFORMATION_FORMAT = dwarf;
				ENABLE_BITCODE = NO;
				ENABLE_STRICT_OBJC_MSGSEND = YES;
				ENABLE_TESTABILITY = YES;
				GCC_C_LANGUAGE_STANDARD = gnu99;
				GCC_DYNAMIC_NO_PIC = NO;
				GCC_NO_COMMON_BLOCKS = YES;
				GCC_OPTIMIZATION_LEVEL = 0;
				GCC_PREPROCESSOR_DEFINITIONS = (
					"DEBUG=1",
					"$(inherited)",
				);
				GCC_WARN_64_TO_32_BIT_CONVERSION = YES;
				GCC_WARN_ABOUT_RETURN_TYPE = YES_ERROR;
				GCC_WARN_UNDECLARED_SELECTOR = YES;
				GCC_WARN_UNINITIALIZED_AUTOS = YES_AGGRESSIVE;
				GCC_WARN_UNUSED_FUNCTION = YES;
				GCC_WARN_UNUSED_VARIABLE = YES;
				IPHONEOS_DEPLOYMENT_TARGET = 9.2;
				MTL_ENABLE_DEBUG_INFO = YES;
				ONLY_ACTIVE_ARCH = YES;
				SDKROOT = iphoneos;
				TARGETED_DEVICE_FAMILY = "1,2";
			};
			name = Debug;
		};
		B59CF8FE1C4D254000E09221 /* Release */ = {
			isa = XCBuildConfiguration;
			buildSettings = {
				ALWAYS_SEARCH_USER_PATHS = NO;
				CLANG_CXX_LANGUAGE_STANDARD = "gnu++0x";
				CLANG_CXX_LIBRARY = "libc++";
				CLANG_ENABLE_MODULES = YES;
				CLANG_ENABLE_OBJC_ARC = YES;
				CLANG_WARN_BOOL_CONVERSION = YES;
				CLANG_WARN_CONSTANT_CONVERSION = YES;
				CLANG_WARN_DIRECT_OBJC_ISA_USAGE = YES_ERROR;
				CLANG_WARN_EMPTY_BODY = YES;
				CLANG_WARN_ENUM_CONVERSION = YES;
				CLANG_WARN_INT_CONVERSION = YES;
				CLANG_WARN_OBJC_ROOT_CLASS = YES_ERROR;
				CLANG_WARN_UNREACHABLE_CODE = YES;
				CLANG_WARN__DUPLICATE_METHOD_MATCH = YES;
				"CODE_SIGN_IDENTITY[sdk=iphoneos*]" = "iPhone Developer";
				COPY_PHASE_STRIP = NO;
				DEBUG_INFORMATION_FORMAT = "dwarf-with-dsym";
				ENABLE_BITCODE = NO;
				ENABLE_NS_ASSERTIONS = NO;
				ENABLE_STRICT_OBJC_MSGSEND = YES;
				GCC_C_LANGUAGE_STANDARD = gnu99;
				GCC_NO_COMMON_BLOCKS = YES;
				GCC_WARN_64_TO_32_BIT_CONVERSION = YES;
				GCC_WARN_ABOUT_RETURN_TYPE = YES_ERROR;
				GCC_WARN_UNDECLARED_SELECTOR = YES;
				GCC_WARN_UNINITIALIZED_AUTOS = YES_AGGRESSIVE;
				GCC_WARN_UNUSED_FUNCTION = YES;
				GCC_WARN_UNUSED_VARIABLE = YES;
				IPHONEOS_DEPLOYMENT_TARGET = 9.2;
				MTL_ENABLE_DEBUG_INFO = NO;
				SDKROOT = iphoneos;
				TARGETED_DEVICE_FAMILY = "1,2";
				VALIDATE_PRODUCT = YES;
			};
			name = Release;
		};
		B59CF9001C4D254000E09221 /* Debug */ = {
			isa = XCBuildConfiguration;
			buildSettings = {
				ASSETCATALOG_COMPILER_APPICON_NAME = AppIcon;
				CODE_SIGN_IDENTITY = "iPhone Developer";
				ENABLE_BITCODE = NO;
				FRAMEWORK_SEARCH_PATHS = (
					"$(inherited)",
					"$(PROJECT_DIR)",
				);
				INFOPLIST_FILE = ActionCamera/Info.plist;
				LD_RUNPATH_SEARCH_PATHS = "$(inherited) @executable_path/Frameworks";
				PRODUCT_BUNDLE_IDENTIFIER = com.ActionCamera;
				PRODUCT_NAME = "$(TARGET_NAME)";
			};
			name = Debug;
		};
		B59CF9011C4D254000E09221 /* Release */ = {
			isa = XCBuildConfiguration;
			buildSettings = {
				ASSETCATALOG_COMPILER_APPICON_NAME = AppIcon;
				CODE_SIGN_IDENTITY = "iPhone Developer";
				ENABLE_BITCODE = NO;
				FRAMEWORK_SEARCH_PATHS = (
					"$(inherited)",
					"$(PROJECT_DIR)",
				);
				INFOPLIST_FILE = ActionCamera/Info.plist;
				LD_RUNPATH_SEARCH_PATHS = "$(inherited) @executable_path/Frameworks";
				PRODUCT_BUNDLE_IDENTIFIER = com.ActionCamera;
				PRODUCT_NAME = "$(TARGET_NAME)";
			};
			name = Release;
		};
		B59CF9031C4D254000E09221 /* Debug */ = {
			isa = XCBuildConfiguration;
			buildSettings = {
				BUNDLE_LOADER = "$(TEST_HOST)";
				INFOPLIST_FILE = ActionCameraTests/Info.plist;
				LD_RUNPATH_SEARCH_PATHS = "$(inherited) @executable_path/Frameworks @loader_path/Frameworks";
				PRODUCT_BUNDLE_IDENTIFIER = com.ActionCameraTests;
				PRODUCT_NAME = "$(TARGET_NAME)";
				TEST_HOST = "$(BUILT_PRODUCTS_DIR)/ActionCamera.app/ActionCamera";
			};
			name = Debug;
		};
		B59CF9041C4D254000E09221 /* Release */ = {
			isa = XCBuildConfiguration;
			buildSettings = {
				BUNDLE_LOADER = "$(TEST_HOST)";
				INFOPLIST_FILE = ActionCameraTests/Info.plist;
				LD_RUNPATH_SEARCH_PATHS = "$(inherited) @executable_path/Frameworks @loader_path/Frameworks";
				PRODUCT_BUNDLE_IDENTIFIER = com.ActionCameraTests;
				PRODUCT_NAME = "$(TARGET_NAME)";
				TEST_HOST = "$(BUILT_PRODUCTS_DIR)/ActionCamera.app/ActionCamera";
			};
			name = Release;
		};
		B59CF9061C4D254000E09221 /* Debug */ = {
			isa = XCBuildConfiguration;
			buildSettings = {
				INFOPLIST_FILE = ActionCameraUITests/Info.plist;
				LD_RUNPATH_SEARCH_PATHS = "$(inherited) @executable_path/Frameworks @loader_path/Frameworks";
				PRODUCT_BUNDLE_IDENTIFIER = com.ActionCameraUITests;
				PRODUCT_NAME = "$(TARGET_NAME)";
				TEST_TARGET_NAME = ActionCamera;
				USES_XCTRUNNER = YES;
			};
			name = Debug;
		};
		B59CF9071C4D254000E09221 /* Release */ = {
			isa = XCBuildConfiguration;
			buildSettings = {
				INFOPLIST_FILE = ActionCameraUITests/Info.plist;
				LD_RUNPATH_SEARCH_PATHS = "$(inherited) @executable_path/Frameworks @loader_path/Frameworks";
				PRODUCT_BUNDLE_IDENTIFIER = com.ActionCameraUITests;
				PRODUCT_NAME = "$(TARGET_NAME)";
				TEST_TARGET_NAME = ActionCamera;
				USES_XCTRUNNER = YES;
			};
			name = Release;
		};
/* End XCBuildConfiguration section */

/* Begin XCConfigurationList section */
		B59CF8CA1C4D254000E09221 /* Build configuration list for PBXProject "ActionCamera" */ = {
			isa = XCConfigurationList;
			buildConfigurations = (
				B59CF8FD1C4D254000E09221 /* Debug */,
				B59CF8FE1C4D254000E09221 /* Release */,
			);
			defaultConfigurationIsVisible = 0;
			defaultConfigurationName = Release;
		};
		B59CF8FF1C4D254000E09221 /* Build configuration list for PBXNativeTarget "ActionCamera" */ = {
			isa = XCConfigurationList;
			buildConfigurations = (
				B59CF9001C4D254000E09221 /* Debug */,
				B59CF9011C4D254000E09221 /* Release */,
			);
			defaultConfigurationIsVisible = 0;
			defaultConfigurationName = Release;
		};
		B59CF9021C4D254000E09221 /* Build configuration list for PBXNativeTarget "ActionCameraTests" */ = {
			isa = XCConfigurationList;
			buildConfigurations = (
				B59CF9031C4D254000E09221 /* Debug */,
				B59CF9041C4D254000E09221 /* Release */,
			);
			defaultConfigurationIsVisible = 0;
			defaultConfigurationName = Release;
		};
		B59CF9051C4D254000E09221 /* Build configuration list for PBXNativeTarget "ActionCameraUITests" */ = {
			isa = XCConfigurationList;
			buildConfigurations = (
				B59CF9061C4D254000E09221 /* Debug */,
				B59CF9071C4D254000E09221 /* Release */,
			);
			defaultConfigurationIsVisible = 0;
			defaultConfigurationName = Release;
		};
/* End XCConfigurationList section */
	};
	rootObject = B59CF8C71C4D254000E09221 /* Project object */;
}
